
Microsoft Visual Studio Solution File, Format Version 12.00
# Visual Studio Version 17
VisualStudioVersion = 17.6.33801.468
MinimumVisualStudioVersion = 10.0.40219.1
Project("{9A19103F-16F7-4668-BE54-9A1E7A4F7556}") = "Sorting", "SelectionSort\Sorting.csproj", "{B17F2E14-0AA7-4530-802D-9D02B302186B}"
EndProject
Project("{2150E333-8FDC-42A3-9474-1A3956D46DE8}") = "Greedy", "Greedy", "{D239DC72-AFA9-4D5E-94B8-C266C2078F78}"
EndProject
Project("{8BC9CEB8-8B4A-11D0-8D11-00A0C91BC942}") = "MostWaterCpp", "MostWaterCpp\MostWaterCpp.vcxproj", "{B01B3D8A-591E-42F5-B50E-C2E4C8B1C51A}"
EndProject
Project("{2150E333-8FDC-42A3-9474-1A3956D46DE8}") = "DataStructures", "DataStructures", "{F9EFD602-5C2B-452B-B7F9-0D1CDF245B68}"
EndProject
Project("{9A19103F-16F7-4668-BE54-9A1E7A4F7556}") = "BinaryHeap", "BinaryHeapProj\BinaryHeap.csproj", "{4971E934-DC06-417B-8624-511852164855}"
EndProject
Project("{9A19103F-16F7-4668-BE54-9A1E7A4F7556}") = "UnionFindImplementation", "UnionFindImplementation\UnionFindImplementation.csproj", "{1DB37977-458F-4485-A783-A0E4278D8429}"
EndProject
Project("{2150E333-8FDC-42A3-9474-1A3956D46DE8}") = "Graphs", "Graphs", "{E4E3469D-423E-4F48-98C7-4CD5B8400C42}"
EndProject
Project("{9A19103F-16F7-4668-BE54-9A1E7A4F7556}") = "Graphs", "Graphs\Graphs.csproj", "{86A998E1-EB56-45B0-B360-7089E0DF7A62}"
EndProject
Project("{9A19103F-16F7-4668-BE54-9A1E7A4F7556}") = "MaxFlow", "FordFulkersonMaxFlow\MaxFlow.csproj", "{59433E65-E4ED-4EE9-8699-CF8016533CE7}"
EndProject
Project("{9A19103F-16F7-4668-BE54-9A1E7A4F7556}") = "DinicsAlgorithm", "MaxFlowCapacityScaling\DinicsAlgorithm.csproj", "{7A0D3448-4E79-4245-A6D9-93369B35A4A3}"
EndProject
Project("{9A19103F-16F7-4668-BE54-9A1E7A4F7556}") = "ElementaryMath", "ElementaryMath\ElementaryMath.csproj", "{207362DD-25C5-4E0E-9A6B-0727465F8AEA}"
EndProject
Project("{9A19103F-16F7-4668-BE54-9A1E7A4F7556}") = "PrimsAlgorithm", "PrimsAlgorithm\PrimsAlgorithm.csproj", "{5B0A869A-7130-4C4C-95D1-6862519823A0}"
EndProject
Project("{9A19103F-16F7-4668-BE54-9A1E7A4F7556}") = "ElementaryMathSol", "ElementaryMathSol\ElementaryMathSol.csproj", "{AF27B32E-6EBE-4A24-9EC9-C5B232ADCEAD}"
EndProject
Project("{2150E333-8FDC-42A3-9474-1A3956D46DE8}") = "Softuniada", "Softuniada", "{D271CBA6-37D5-4969-8F5D-4D1A05A78126}"
EndProject
Project("{2150E333-8FDC-42A3-9474-1A3956D46DE8}") = "Softuniada2016", "Softuniada2016", "{96D2B05A-D73F-41C7-936F-C92334377FAD}"
EndProject
Project("{9A19103F-16F7-4668-BE54-9A1E7A4F7556}") = "SameGroupSums", "SameGroupSums\SameGroupSums.csproj", "{7579E69B-5EAA-4C8B-AAAC-F7064193D9F3}"
EndProject
Project("{9A19103F-16F7-4668-BE54-9A1E7A4F7556}") = "DrawHouse", "DrawHouse\DrawHouse.csproj", "{0FCAD392-1980-4D6B-B452-67AE258BBECE}"
EndProject
Project("{9A19103F-16F7-4668-BE54-9A1E7A4F7556}") = "SumTime", "SumTime\SumTime.csproj", "{4FC94E66-E05E-4F7A-BE58-2C794BC9E16B}"
EndProject
Project("{9A19103F-16F7-4668-BE54-9A1E7A4F7556}") = "StarCube", "StarCube\StarCube.csproj", "{5C80E490-5F9F-4BF7-BD04-D6B3487F98F0}"
EndProject
Project("{9A19103F-16F7-4668-BE54-9A1E7A4F7556}") = "Figures", "Figures\Figures.csproj", "{8554B47B-770E-49EA-9ABD-445873E0EF35}"
EndProject
Project("{9A19103F-16F7-4668-BE54-9A1E7A4F7556}") = "Brothers", "Brothers\Brothers.csproj", "{7A894494-6C9D-401A-AD96-BA6B7CA85D57}"
EndProject
Project("{8BC9CEB8-8B4A-11D0-8D11-00A0C91BC942}") = "Partition3", "Partition3\Partition3.vcxproj", "{D17A98D6-ACC8-48BD-91E4-FB4ED0358C11}"
EndProject
Project("{9A19103F-16F7-4668-BE54-9A1E7A4F7556}") = "StarClusters", "StarClusters\StarClusters.csproj", "{ADBA7728-692E-46DA-8696-68CBA3BAF53F}"
EndProject
Project("{9A19103F-16F7-4668-BE54-9A1E7A4F7556}") = "PackFigures", "PackFigures\PackFigures.csproj", "{A5E684E2-6BCC-41DC-9101-D00F289F5C26}"
EndProject
Project("{FAE04EC0-301F-11D3-BF4B-00C04F79EFBC}") = "SpeedCamera", "SpeedCamera\SpeedCamera.csproj", "{931266DF-F8E5-4B0A-A57E-F0228C3671AF}"
EndProject
Project("{FAE04EC0-301F-11D3-BF4B-00C04F79EFBC}") = "Tennis", "Tennis\Tennis.csproj", "{06B76671-3C4B-4B12-A467-D5BBA5908C09}"
EndProject
Global
	GlobalSection(SolutionConfigurationPlatforms) = preSolution
		Debug|Any CPU = Debug|Any CPU
		Debug|x64 = Debug|x64
		Debug|x86 = Debug|x86
		Release|Any CPU = Release|Any CPU
		Release|x64 = Release|x64
		Release|x86 = Release|x86
	EndGlobalSection
	GlobalSection(ProjectConfigurationPlatforms) = postSolution
		{B17F2E14-0AA7-4530-802D-9D02B302186B}.Debug|Any CPU.ActiveCfg = Debug|Any CPU
		{B17F2E14-0AA7-4530-802D-9D02B302186B}.Debug|Any CPU.Build.0 = Debug|Any CPU
		{B17F2E14-0AA7-4530-802D-9D02B302186B}.Debug|x64.ActiveCfg = Debug|Any CPU
		{B17F2E14-0AA7-4530-802D-9D02B302186B}.Debug|x64.Build.0 = Debug|Any CPU
		{B17F2E14-0AA7-4530-802D-9D02B302186B}.Debug|x86.ActiveCfg = Debug|Any CPU
		{B17F2E14-0AA7-4530-802D-9D02B302186B}.Debug|x86.Build.0 = Debug|Any CPU
		{B17F2E14-0AA7-4530-802D-9D02B302186B}.Release|Any CPU.ActiveCfg = Release|Any CPU
		{B17F2E14-0AA7-4530-802D-9D02B302186B}.Release|Any CPU.Build.0 = Release|Any CPU
		{B17F2E14-0AA7-4530-802D-9D02B302186B}.Release|x64.ActiveCfg = Release|Any CPU
		{B17F2E14-0AA7-4530-802D-9D02B302186B}.Release|x64.Build.0 = Release|Any CPU
		{B17F2E14-0AA7-4530-802D-9D02B302186B}.Release|x86.ActiveCfg = Release|Any CPU
		{B17F2E14-0AA7-4530-802D-9D02B302186B}.Release|x86.Build.0 = Release|Any CPU
		{B01B3D8A-591E-42F5-B50E-C2E4C8B1C51A}.Debug|Any CPU.ActiveCfg = Debug|x64
		{B01B3D8A-591E-42F5-B50E-C2E4C8B1C51A}.Debug|Any CPU.Build.0 = Debug|x64
		{B01B3D8A-591E-42F5-B50E-C2E4C8B1C51A}.Debug|x64.ActiveCfg = Debug|x64
		{B01B3D8A-591E-42F5-B50E-C2E4C8B1C51A}.Debug|x64.Build.0 = Debug|x64
		{B01B3D8A-591E-42F5-B50E-C2E4C8B1C51A}.Debug|x86.ActiveCfg = Debug|Win32
		{B01B3D8A-591E-42F5-B50E-C2E4C8B1C51A}.Debug|x86.Build.0 = Debug|Win32
		{B01B3D8A-591E-42F5-B50E-C2E4C8B1C51A}.Release|Any CPU.ActiveCfg = Release|x64
		{B01B3D8A-591E-42F5-B50E-C2E4C8B1C51A}.Release|Any CPU.Build.0 = Release|x64
		{B01B3D8A-591E-42F5-B50E-C2E4C8B1C51A}.Release|x64.ActiveCfg = Release|x64
		{B01B3D8A-591E-42F5-B50E-C2E4C8B1C51A}.Release|x64.Build.0 = Release|x64
		{B01B3D8A-591E-42F5-B50E-C2E4C8B1C51A}.Release|x86.ActiveCfg = Release|Win32
		{B01B3D8A-591E-42F5-B50E-C2E4C8B1C51A}.Release|x86.Build.0 = Release|Win32
		{4971E934-DC06-417B-8624-511852164855}.Debug|Any CPU.ActiveCfg = Debug|Any CPU
		{4971E934-DC06-417B-8624-511852164855}.Debug|Any CPU.Build.0 = Debug|Any CPU
		{4971E934-DC06-417B-8624-511852164855}.Debug|x64.ActiveCfg = Debug|Any CPU
		{4971E934-DC06-417B-8624-511852164855}.Debug|x64.Build.0 = Debug|Any CPU
		{4971E934-DC06-417B-8624-511852164855}.Debug|x86.ActiveCfg = Debug|Any CPU
		{4971E934-DC06-417B-8624-511852164855}.Debug|x86.Build.0 = Debug|Any CPU
		{4971E934-DC06-417B-8624-511852164855}.Release|Any CPU.ActiveCfg = Release|Any CPU
		{4971E934-DC06-417B-8624-511852164855}.Release|Any CPU.Build.0 = Release|Any CPU
		{4971E934-DC06-417B-8624-511852164855}.Release|x64.ActiveCfg = Release|Any CPU
		{4971E934-DC06-417B-8624-511852164855}.Release|x64.Build.0 = Release|Any CPU
		{4971E934-DC06-417B-8624-511852164855}.Release|x86.ActiveCfg = Release|Any CPU
		{4971E934-DC06-417B-8624-511852164855}.Release|x86.Build.0 = Release|Any CPU
		{1DB37977-458F-4485-A783-A0E4278D8429}.Debug|Any CPU.ActiveCfg = Debug|Any CPU
		{1DB37977-458F-4485-A783-A0E4278D8429}.Debug|Any CPU.Build.0 = Debug|Any CPU
		{1DB37977-458F-4485-A783-A0E4278D8429}.Debug|x64.ActiveCfg = Debug|Any CPU
		{1DB37977-458F-4485-A783-A0E4278D8429}.Debug|x64.Build.0 = Debug|Any CPU
		{1DB37977-458F-4485-A783-A0E4278D8429}.Debug|x86.ActiveCfg = Debug|Any CPU
		{1DB37977-458F-4485-A783-A0E4278D8429}.Debug|x86.Build.0 = Debug|Any CPU
		{1DB37977-458F-4485-A783-A0E4278D8429}.Release|Any CPU.ActiveCfg = Release|Any CPU
		{1DB37977-458F-4485-A783-A0E4278D8429}.Release|Any CPU.Build.0 = Release|Any CPU
		{1DB37977-458F-4485-A783-A0E4278D8429}.Release|x64.ActiveCfg = Release|Any CPU
		{1DB37977-458F-4485-A783-A0E4278D8429}.Release|x64.Build.0 = Release|Any CPU
		{1DB37977-458F-4485-A783-A0E4278D8429}.Release|x86.ActiveCfg = Release|Any CPU
		{1DB37977-458F-4485-A783-A0E4278D8429}.Release|x86.Build.0 = Release|Any CPU
		{86A998E1-EB56-45B0-B360-7089E0DF7A62}.Debug|Any CPU.ActiveCfg = Debug|Any CPU
		{86A998E1-EB56-45B0-B360-7089E0DF7A62}.Debug|Any CPU.Build.0 = Debug|Any CPU
		{86A998E1-EB56-45B0-B360-7089E0DF7A62}.Debug|x64.ActiveCfg = Debug|Any CPU
		{86A998E1-EB56-45B0-B360-7089E0DF7A62}.Debug|x64.Build.0 = Debug|Any CPU
		{86A998E1-EB56-45B0-B360-7089E0DF7A62}.Debug|x86.ActiveCfg = Debug|Any CPU
		{86A998E1-EB56-45B0-B360-7089E0DF7A62}.Debug|x86.Build.0 = Debug|Any CPU
		{86A998E1-EB56-45B0-B360-7089E0DF7A62}.Release|Any CPU.ActiveCfg = Release|Any CPU
		{86A998E1-EB56-45B0-B360-7089E0DF7A62}.Release|Any CPU.Build.0 = Release|Any CPU
		{86A998E1-EB56-45B0-B360-7089E0DF7A62}.Release|x64.ActiveCfg = Release|Any CPU
		{86A998E1-EB56-45B0-B360-7089E0DF7A62}.Release|x64.Build.0 = Release|Any CPU
		{86A998E1-EB56-45B0-B360-7089E0DF7A62}.Release|x86.ActiveCfg = Release|Any CPU
		{86A998E1-EB56-45B0-B360-7089E0DF7A62}.Release|x86.Build.0 = Release|Any CPU
		{59433E65-E4ED-4EE9-8699-CF8016533CE7}.Debug|Any CPU.ActiveCfg = Debug|Any CPU
		{59433E65-E4ED-4EE9-8699-CF8016533CE7}.Debug|Any CPU.Build.0 = Debug|Any CPU
		{59433E65-E4ED-4EE9-8699-CF8016533CE7}.Debug|x64.ActiveCfg = Debug|Any CPU
		{59433E65-E4ED-4EE9-8699-CF8016533CE7}.Debug|x64.Build.0 = Debug|Any CPU
		{59433E65-E4ED-4EE9-8699-CF8016533CE7}.Debug|x86.ActiveCfg = Debug|Any CPU
		{59433E65-E4ED-4EE9-8699-CF8016533CE7}.Debug|x86.Build.0 = Debug|Any CPU
		{59433E65-E4ED-4EE9-8699-CF8016533CE7}.Release|Any CPU.ActiveCfg = Release|Any CPU
		{59433E65-E4ED-4EE9-8699-CF8016533CE7}.Release|Any CPU.Build.0 = Release|Any CPU
		{59433E65-E4ED-4EE9-8699-CF8016533CE7}.Release|x64.ActiveCfg = Release|Any CPU
		{59433E65-E4ED-4EE9-8699-CF8016533CE7}.Release|x64.Build.0 = Release|Any CPU
		{59433E65-E4ED-4EE9-8699-CF8016533CE7}.Release|x86.ActiveCfg = Release|Any CPU
		{59433E65-E4ED-4EE9-8699-CF8016533CE7}.Release|x86.Build.0 = Release|Any CPU
		{7A0D3448-4E79-4245-A6D9-93369B35A4A3}.Debug|Any CPU.ActiveCfg = Debug|Any CPU
		{7A0D3448-4E79-4245-A6D9-93369B35A4A3}.Debug|Any CPU.Build.0 = Debug|Any CPU
		{7A0D3448-4E79-4245-A6D9-93369B35A4A3}.Debug|x64.ActiveCfg = Debug|Any CPU
		{7A0D3448-4E79-4245-A6D9-93369B35A4A3}.Debug|x64.Build.0 = Debug|Any CPU
		{7A0D3448-4E79-4245-A6D9-93369B35A4A3}.Debug|x86.ActiveCfg = Debug|Any CPU
		{7A0D3448-4E79-4245-A6D9-93369B35A4A3}.Debug|x86.Build.0 = Debug|Any CPU
		{7A0D3448-4E79-4245-A6D9-93369B35A4A3}.Release|Any CPU.ActiveCfg = Release|Any CPU
		{7A0D3448-4E79-4245-A6D9-93369B35A4A3}.Release|Any CPU.Build.0 = Release|Any CPU
		{7A0D3448-4E79-4245-A6D9-93369B35A4A3}.Release|x64.ActiveCfg = Release|Any CPU
		{7A0D3448-4E79-4245-A6D9-93369B35A4A3}.Release|x64.Build.0 = Release|Any CPU
		{7A0D3448-4E79-4245-A6D9-93369B35A4A3}.Release|x86.ActiveCfg = Release|Any CPU
		{7A0D3448-4E79-4245-A6D9-93369B35A4A3}.Release|x86.Build.0 = Release|Any CPU
		{207362DD-25C5-4E0E-9A6B-0727465F8AEA}.Debug|Any CPU.ActiveCfg = Debug|Any CPU
		{207362DD-25C5-4E0E-9A6B-0727465F8AEA}.Debug|Any CPU.Build.0 = Debug|Any CPU
		{207362DD-25C5-4E0E-9A6B-0727465F8AEA}.Debug|x64.ActiveCfg = Debug|Any CPU
		{207362DD-25C5-4E0E-9A6B-0727465F8AEA}.Debug|x64.Build.0 = Debug|Any CPU
		{207362DD-25C5-4E0E-9A6B-0727465F8AEA}.Debug|x86.ActiveCfg = Debug|Any CPU
		{207362DD-25C5-4E0E-9A6B-0727465F8AEA}.Debug|x86.Build.0 = Debug|Any CPU
		{207362DD-25C5-4E0E-9A6B-0727465F8AEA}.Release|Any CPU.ActiveCfg = Release|Any CPU
		{207362DD-25C5-4E0E-9A6B-0727465F8AEA}.Release|Any CPU.Build.0 = Release|Any CPU
		{207362DD-25C5-4E0E-9A6B-0727465F8AEA}.Release|x64.ActiveCfg = Release|Any CPU
		{207362DD-25C5-4E0E-9A6B-0727465F8AEA}.Release|x64.Build.0 = Release|Any CPU
		{207362DD-25C5-4E0E-9A6B-0727465F8AEA}.Release|x86.ActiveCfg = Release|Any CPU
		{207362DD-25C5-4E0E-9A6B-0727465F8AEA}.Release|x86.Build.0 = Release|Any CPU
		{5B0A869A-7130-4C4C-95D1-6862519823A0}.Debug|Any CPU.ActiveCfg = Debug|Any CPU
		{5B0A869A-7130-4C4C-95D1-6862519823A0}.Debug|Any CPU.Build.0 = Debug|Any CPU
		{5B0A869A-7130-4C4C-95D1-6862519823A0}.Debug|x64.ActiveCfg = Debug|Any CPU
		{5B0A869A-7130-4C4C-95D1-6862519823A0}.Debug|x64.Build.0 = Debug|Any CPU
		{5B0A869A-7130-4C4C-95D1-6862519823A0}.Debug|x86.ActiveCfg = Debug|Any CPU
		{5B0A869A-7130-4C4C-95D1-6862519823A0}.Debug|x86.Build.0 = Debug|Any CPU
		{5B0A869A-7130-4C4C-95D1-6862519823A0}.Release|Any CPU.ActiveCfg = Release|Any CPU
		{5B0A869A-7130-4C4C-95D1-6862519823A0}.Release|Any CPU.Build.0 = Release|Any CPU
		{5B0A869A-7130-4C4C-95D1-6862519823A0}.Release|x64.ActiveCfg = Release|Any CPU
		{5B0A869A-7130-4C4C-95D1-6862519823A0}.Release|x64.Build.0 = Release|Any CPU
		{5B0A869A-7130-4C4C-95D1-6862519823A0}.Release|x86.ActiveCfg = Release|Any CPU
		{5B0A869A-7130-4C4C-95D1-6862519823A0}.Release|x86.Build.0 = Release|Any CPU
		{AF27B32E-6EBE-4A24-9EC9-C5B232ADCEAD}.Debug|Any CPU.ActiveCfg = Debug|Any CPU
		{AF27B32E-6EBE-4A24-9EC9-C5B232ADCEAD}.Debug|Any CPU.Build.0 = Debug|Any CPU
		{AF27B32E-6EBE-4A24-9EC9-C5B232ADCEAD}.Debug|x64.ActiveCfg = Debug|Any CPU
		{AF27B32E-6EBE-4A24-9EC9-C5B232ADCEAD}.Debug|x64.Build.0 = Debug|Any CPU
		{AF27B32E-6EBE-4A24-9EC9-C5B232ADCEAD}.Debug|x86.ActiveCfg = Debug|Any CPU
		{AF27B32E-6EBE-4A24-9EC9-C5B232ADCEAD}.Debug|x86.Build.0 = Debug|Any CPU
		{AF27B32E-6EBE-4A24-9EC9-C5B232ADCEAD}.Release|Any CPU.ActiveCfg = Release|Any CPU
		{AF27B32E-6EBE-4A24-9EC9-C5B232ADCEAD}.Release|Any CPU.Build.0 = Release|Any CPU
		{AF27B32E-6EBE-4A24-9EC9-C5B232ADCEAD}.Release|x64.ActiveCfg = Release|Any CPU
		{AF27B32E-6EBE-4A24-9EC9-C5B232ADCEAD}.Release|x64.Build.0 = Release|Any CPU
		{AF27B32E-6EBE-4A24-9EC9-C5B232ADCEAD}.Release|x86.ActiveCfg = Release|Any CPU
		{AF27B32E-6EBE-4A24-9EC9-C5B232ADCEAD}.Release|x86.Build.0 = Release|Any CPU
		{7579E69B-5EAA-4C8B-AAAC-F7064193D9F3}.Debug|Any CPU.ActiveCfg = Debug|Any CPU
		{7579E69B-5EAA-4C8B-AAAC-F7064193D9F3}.Debug|Any CPU.Build.0 = Debug|Any CPU
		{7579E69B-5EAA-4C8B-AAAC-F7064193D9F3}.Debug|x64.ActiveCfg = Debug|Any CPU
		{7579E69B-5EAA-4C8B-AAAC-F7064193D9F3}.Debug|x64.Build.0 = Debug|Any CPU
		{7579E69B-5EAA-4C8B-AAAC-F7064193D9F3}.Debug|x86.ActiveCfg = Debug|Any CPU
		{7579E69B-5EAA-4C8B-AAAC-F7064193D9F3}.Debug|x86.Build.0 = Debug|Any CPU
		{7579E69B-5EAA-4C8B-AAAC-F7064193D9F3}.Release|Any CPU.ActiveCfg = Release|Any CPU
		{7579E69B-5EAA-4C8B-AAAC-F7064193D9F3}.Release|Any CPU.Build.0 = Release|Any CPU
		{7579E69B-5EAA-4C8B-AAAC-F7064193D9F3}.Release|x64.ActiveCfg = Release|Any CPU
		{7579E69B-5EAA-4C8B-AAAC-F7064193D9F3}.Release|x64.Build.0 = Release|Any CPU
		{7579E69B-5EAA-4C8B-AAAC-F7064193D9F3}.Release|x86.ActiveCfg = Release|Any CPU
		{7579E69B-5EAA-4C8B-AAAC-F7064193D9F3}.Release|x86.Build.0 = Release|Any CPU
		{0FCAD392-1980-4D6B-B452-67AE258BBECE}.Debug|Any CPU.ActiveCfg = Debug|Any CPU
		{0FCAD392-1980-4D6B-B452-67AE258BBECE}.Debug|Any CPU.Build.0 = Debug|Any CPU
		{0FCAD392-1980-4D6B-B452-67AE258BBECE}.Debug|x64.ActiveCfg = Debug|Any CPU
		{0FCAD392-1980-4D6B-B452-67AE258BBECE}.Debug|x64.Build.0 = Debug|Any CPU
		{0FCAD392-1980-4D6B-B452-67AE258BBECE}.Debug|x86.ActiveCfg = Debug|Any CPU
		{0FCAD392-1980-4D6B-B452-67AE258BBECE}.Debug|x86.Build.0 = Debug|Any CPU
		{0FCAD392-1980-4D6B-B452-67AE258BBECE}.Release|Any CPU.ActiveCfg = Release|Any CPU
		{0FCAD392-1980-4D6B-B452-67AE258BBECE}.Release|Any CPU.Build.0 = Release|Any CPU
		{0FCAD392-1980-4D6B-B452-67AE258BBECE}.Release|x64.ActiveCfg = Release|Any CPU
		{0FCAD392-1980-4D6B-B452-67AE258BBECE}.Release|x64.Build.0 = Release|Any CPU
		{0FCAD392-1980-4D6B-B452-67AE258BBECE}.Release|x86.ActiveCfg = Release|Any CPU
		{0FCAD392-1980-4D6B-B452-67AE258BBECE}.Release|x86.Build.0 = Release|Any CPU
		{4FC94E66-E05E-4F7A-BE58-2C794BC9E16B}.Debug|Any CPU.ActiveCfg = Debug|Any CPU
		{4FC94E66-E05E-4F7A-BE58-2C794BC9E16B}.Debug|Any CPU.Build.0 = Debug|Any CPU
		{4FC94E66-E05E-4F7A-BE58-2C794BC9E16B}.Debug|x64.ActiveCfg = Debug|Any CPU
		{4FC94E66-E05E-4F7A-BE58-2C794BC9E16B}.Debug|x64.Build.0 = Debug|Any CPU
		{4FC94E66-E05E-4F7A-BE58-2C794BC9E16B}.Debug|x86.ActiveCfg = Debug|Any CPU
		{4FC94E66-E05E-4F7A-BE58-2C794BC9E16B}.Debug|x86.Build.0 = Debug|Any CPU
		{4FC94E66-E05E-4F7A-BE58-2C794BC9E16B}.Release|Any CPU.ActiveCfg = Release|Any CPU
		{4FC94E66-E05E-4F7A-BE58-2C794BC9E16B}.Release|Any CPU.Build.0 = Release|Any CPU
		{4FC94E66-E05E-4F7A-BE58-2C794BC9E16B}.Release|x64.ActiveCfg = Release|Any CPU
		{4FC94E66-E05E-4F7A-BE58-2C794BC9E16B}.Release|x64.Build.0 = Release|Any CPU
		{4FC94E66-E05E-4F7A-BE58-2C794BC9E16B}.Release|x86.ActiveCfg = Release|Any CPU
		{4FC94E66-E05E-4F7A-BE58-2C794BC9E16B}.Release|x86.Build.0 = Release|Any CPU
		{5C80E490-5F9F-4BF7-BD04-D6B3487F98F0}.Debug|Any CPU.ActiveCfg = Debug|Any CPU
		{5C80E490-5F9F-4BF7-BD04-D6B3487F98F0}.Debug|Any CPU.Build.0 = Debug|Any CPU
		{5C80E490-5F9F-4BF7-BD04-D6B3487F98F0}.Debug|x64.ActiveCfg = Debug|Any CPU
		{5C80E490-5F9F-4BF7-BD04-D6B3487F98F0}.Debug|x64.Build.0 = Debug|Any CPU
		{5C80E490-5F9F-4BF7-BD04-D6B3487F98F0}.Debug|x86.ActiveCfg = Debug|Any CPU
		{5C80E490-5F9F-4BF7-BD04-D6B3487F98F0}.Debug|x86.Build.0 = Debug|Any CPU
		{5C80E490-5F9F-4BF7-BD04-D6B3487F98F0}.Release|Any CPU.ActiveCfg = Release|Any CPU
		{5C80E490-5F9F-4BF7-BD04-D6B3487F98F0}.Release|Any CPU.Build.0 = Release|Any CPU
		{5C80E490-5F9F-4BF7-BD04-D6B3487F98F0}.Release|x64.ActiveCfg = Release|Any CPU
		{5C80E490-5F9F-4BF7-BD04-D6B3487F98F0}.Release|x64.Build.0 = Release|Any CPU
		{5C80E490-5F9F-4BF7-BD04-D6B3487F98F0}.Release|x86.ActiveCfg = Release|Any CPU
		{5C80E490-5F9F-4BF7-BD04-D6B3487F98F0}.Release|x86.Build.0 = Release|Any CPU
		{8554B47B-770E-49EA-9ABD-445873E0EF35}.Debug|Any CPU.ActiveCfg = Debug|Any CPU
		{8554B47B-770E-49EA-9ABD-445873E0EF35}.Debug|Any CPU.Build.0 = Debug|Any CPU
		{8554B47B-770E-49EA-9ABD-445873E0EF35}.Debug|x64.ActiveCfg = Debug|Any CPU
		{8554B47B-770E-49EA-9ABD-445873E0EF35}.Debug|x64.Build.0 = Debug|Any CPU
		{8554B47B-770E-49EA-9ABD-445873E0EF35}.Debug|x86.ActiveCfg = Debug|Any CPU
		{8554B47B-770E-49EA-9ABD-445873E0EF35}.Debug|x86.Build.0 = Debug|Any CPU
		{8554B47B-770E-49EA-9ABD-445873E0EF35}.Release|Any CPU.ActiveCfg = Release|Any CPU
		{8554B47B-770E-49EA-9ABD-445873E0EF35}.Release|Any CPU.Build.0 = Release|Any CPU
		{8554B47B-770E-49EA-9ABD-445873E0EF35}.Release|x64.ActiveCfg = Release|Any CPU
		{8554B47B-770E-49EA-9ABD-445873E0EF35}.Release|x64.Build.0 = Release|Any CPU
		{8554B47B-770E-49EA-9ABD-445873E0EF35}.Release|x86.ActiveCfg = Release|Any CPU
		{8554B47B-770E-49EA-9ABD-445873E0EF35}.Release|x86.Build.0 = Release|Any CPU
		{7A894494-6C9D-401A-AD96-BA6B7CA85D57}.Debug|Any CPU.ActiveCfg = Debug|Any CPU
		{7A894494-6C9D-401A-AD96-BA6B7CA85D57}.Debug|Any CPU.Build.0 = Debug|Any CPU
		{7A894494-6C9D-401A-AD96-BA6B7CA85D57}.Debug|x64.ActiveCfg = Debug|Any CPU
		{7A894494-6C9D-401A-AD96-BA6B7CA85D57}.Debug|x64.Build.0 = Debug|Any CPU
		{7A894494-6C9D-401A-AD96-BA6B7CA85D57}.Debug|x86.ActiveCfg = Debug|Any CPU
		{7A894494-6C9D-401A-AD96-BA6B7CA85D57}.Debug|x86.Build.0 = Debug|Any CPU
		{7A894494-6C9D-401A-AD96-BA6B7CA85D57}.Release|Any CPU.ActiveCfg = Release|Any CPU
		{7A894494-6C9D-401A-AD96-BA6B7CA85D57}.Release|Any CPU.Build.0 = Release|Any CPU
		{7A894494-6C9D-401A-AD96-BA6B7CA85D57}.Release|x64.ActiveCfg = Release|Any CPU
		{7A894494-6C9D-401A-AD96-BA6B7CA85D57}.Release|x64.Build.0 = Release|Any CPU
		{7A894494-6C9D-401A-AD96-BA6B7CA85D57}.Release|x86.ActiveCfg = Release|Any CPU
		{7A894494-6C9D-401A-AD96-BA6B7CA85D57}.Release|x86.Build.0 = Release|Any CPU
		{D17A98D6-ACC8-48BD-91E4-FB4ED0358C11}.Debug|Any CPU.ActiveCfg = Debug|x64
		{D17A98D6-ACC8-48BD-91E4-FB4ED0358C11}.Debug|Any CPU.Build.0 = Debug|x64
		{D17A98D6-ACC8-48BD-91E4-FB4ED0358C11}.Debug|x64.ActiveCfg = Debug|x64
		{D17A98D6-ACC8-48BD-91E4-FB4ED0358C11}.Debug|x64.Build.0 = Debug|x64
		{D17A98D6-ACC8-48BD-91E4-FB4ED0358C11}.Debug|x86.ActiveCfg = Debug|Win32
		{D17A98D6-ACC8-48BD-91E4-FB4ED0358C11}.Debug|x86.Build.0 = Debug|Win32
		{D17A98D6-ACC8-48BD-91E4-FB4ED0358C11}.Release|Any CPU.ActiveCfg = Release|x64
		{D17A98D6-ACC8-48BD-91E4-FB4ED0358C11}.Release|Any CPU.Build.0 = Release|x64
		{D17A98D6-ACC8-48BD-91E4-FB4ED0358C11}.Release|x64.ActiveCfg = Release|x64
		{D17A98D6-ACC8-48BD-91E4-FB4ED0358C11}.Release|x64.Build.0 = Release|x64
		{D17A98D6-ACC8-48BD-91E4-FB4ED0358C11}.Release|x86.ActiveCfg = Release|Win32
		{D17A98D6-ACC8-48BD-91E4-FB4ED0358C11}.Release|x86.Build.0 = Release|Win32
		{ADBA7728-692E-46DA-8696-68CBA3BAF53F}.Debug|Any CPU.ActiveCfg = Debug|Any CPU
		{ADBA7728-692E-46DA-8696-68CBA3BAF53F}.Debug|Any CPU.Build.0 = Debug|Any CPU
		{ADBA7728-692E-46DA-8696-68CBA3BAF53F}.Debug|x64.ActiveCfg = Debug|Any CPU
		{ADBA7728-692E-46DA-8696-68CBA3BAF53F}.Debug|x64.Build.0 = Debug|Any CPU
		{ADBA7728-692E-46DA-8696-68CBA3BAF53F}.Debug|x86.ActiveCfg = Debug|Any CPU
		{ADBA7728-692E-46DA-8696-68CBA3BAF53F}.Debug|x86.Build.0 = Debug|Any CPU
		{ADBA7728-692E-46DA-8696-68CBA3BAF53F}.Release|Any CPU.ActiveCfg = Release|Any CPU
		{ADBA7728-692E-46DA-8696-68CBA3BAF53F}.Release|Any CPU.Build.0 = Release|Any CPU
		{ADBA7728-692E-46DA-8696-68CBA3BAF53F}.Release|x64.ActiveCfg = Release|Any CPU
		{ADBA7728-692E-46DA-8696-68CBA3BAF53F}.Release|x64.Build.0 = Release|Any CPU
		{ADBA7728-692E-46DA-8696-68CBA3BAF53F}.Release|x86.ActiveCfg = Release|Any CPU
		{ADBA7728-692E-46DA-8696-68CBA3BAF53F}.Release|x86.Build.0 = Release|Any CPU
		{A5E684E2-6BCC-41DC-9101-D00F289F5C26}.Debug|Any CPU.ActiveCfg = Debug|Any CPU
		{A5E684E2-6BCC-41DC-9101-D00F289F5C26}.Debug|Any CPU.Build.0 = Debug|Any CPU
		{A5E684E2-6BCC-41DC-9101-D00F289F5C26}.Debug|x64.ActiveCfg = Debug|Any CPU
		{A5E684E2-6BCC-41DC-9101-D00F289F5C26}.Debug|x64.Build.0 = Debug|Any CPU
		{A5E684E2-6BCC-41DC-9101-D00F289F5C26}.Debug|x86.ActiveCfg = Debug|Any CPU
		{A5E684E2-6BCC-41DC-9101-D00F289F5C26}.Debug|x86.Build.0 = Debug|Any CPU
		{A5E684E2-6BCC-41DC-9101-D00F289F5C26}.Release|Any CPU.ActiveCfg = Release|Any CPU
		{A5E684E2-6BCC-41DC-9101-D00F289F5C26}.Release|Any CPU.Build.0 = Release|Any CPU
		{A5E684E2-6BCC-41DC-9101-D00F289F5C26}.Release|x64.ActiveCfg = Release|Any CPU
		{A5E684E2-6BCC-41DC-9101-D00F289F5C26}.Release|x64.Build.0 = Release|Any CPU
		{A5E684E2-6BCC-41DC-9101-D00F289F5C26}.Release|x86.ActiveCfg = Release|Any CPU
		{A5E684E2-6BCC-41DC-9101-D00F289F5C26}.Release|x86.Build.0 = Release|Any CPU
		{931266DF-F8E5-4B0A-A57E-F0228C3671AF}.Debug|Any CPU.ActiveCfg = Debug|Any CPU
		{931266DF-F8E5-4B0A-A57E-F0228C3671AF}.Debug|Any CPU.Build.0 = Debug|Any CPU
		{931266DF-F8E5-4B0A-A57E-F0228C3671AF}.Debug|x64.ActiveCfg = Debug|Any CPU
		{931266DF-F8E5-4B0A-A57E-F0228C3671AF}.Debug|x64.Build.0 = Debug|Any CPU
		{931266DF-F8E5-4B0A-A57E-F0228C3671AF}.Debug|x86.ActiveCfg = Debug|Any CPU
		{931266DF-F8E5-4B0A-A57E-F0228C3671AF}.Debug|x86.Build.0 = Debug|Any CPU
		{931266DF-F8E5-4B0A-A57E-F0228C3671AF}.Release|Any CPU.ActiveCfg = Release|Any CPU
		{931266DF-F8E5-4B0A-A57E-F0228C3671AF}.Release|Any CPU.Build.0 = Release|Any CPU
		{931266DF-F8E5-4B0A-A57E-F0228C3671AF}.Release|x64.ActiveCfg = Release|Any CPU
		{931266DF-F8E5-4B0A-A57E-F0228C3671AF}.Release|x64.Build.0 = Release|Any CPU
		{931266DF-F8E5-4B0A-A57E-F0228C3671AF}.Release|x86.ActiveCfg = Release|Any CPU
		{931266DF-F8E5-4B0A-A57E-F0228C3671AF}.Release|x86.Build.0 = Release|Any CPU
		{06B76671-3C4B-4B12-A467-D5BBA5908C09}.Debug|Any CPU.ActiveCfg = Debug|Any CPU
		{06B76671-3C4B-4B12-A467-D5BBA5908C09}.Debug|Any CPU.Build.0 = Debug|Any CPU
		{06B76671-3C4B-4B12-A467-D5BBA5908C09}.Debug|x64.ActiveCfg = Debug|Any CPU
		{06B76671-3C4B-4B12-A467-D5BBA5908C09}.Debug|x64.Build.0 = Debug|Any CPU
		{06B76671-3C4B-4B12-A467-D5BBA5908C09}.Debug|x86.ActiveCfg = Debug|Any CPU
		{06B76671-3C4B-4B12-A467-D5BBA5908C09}.Debug|x86.Build.0 = Debug|Any CPU
		{06B76671-3C4B-4B12-A467-D5BBA5908C09}.Release|Any CPU.ActiveCfg = Release|Any CPU
		{06B76671-3C4B-4B12-A467-D5BBA5908C09}.Release|Any CPU.Build.0 = Release|Any CPU
		{06B76671-3C4B-4B12-A467-D5BBA5908C09}.Release|x64.ActiveCfg = Release|Any CPU
		{06B76671-3C4B-4B12-A467-D5BBA5908C09}.Release|x64.Build.0 = Release|Any CPU
		{06B76671-3C4B-4B12-A467-D5BBA5908C09}.Release|x86.ActiveCfg = Release|Any CPU
		{06B76671-3C4B-4B12-A467-D5BBA5908C09}.Release|x86.Build.0 = Release|Any CPU
	EndGlobalSection
	GlobalSection(SolutionProperties) = preSolution
		HideSolutionNode = FALSE
	EndGlobalSection
	GlobalSection(NestedProjects) = preSolution
		{B01B3D8A-591E-42F5-B50E-C2E4C8B1C51A} = {D239DC72-AFA9-4D5E-94B8-C266C2078F78}
		{4971E934-DC06-417B-8624-511852164855} = {F9EFD602-5C2B-452B-B7F9-0D1CDF245B68}
		{1DB37977-458F-4485-A783-A0E4278D8429} = {F9EFD602-5C2B-452B-B7F9-0D1CDF245B68}
		{86A998E1-EB56-45B0-B360-7089E0DF7A62} = {E4E3469D-423E-4F48-98C7-4CD5B8400C42}
		{59433E65-E4ED-4EE9-8699-CF8016533CE7} = {E4E3469D-423E-4F48-98C7-4CD5B8400C42}
		{7A0D3448-4E79-4245-A6D9-93369B35A4A3} = {E4E3469D-423E-4F48-98C7-4CD5B8400C42}
		{207362DD-25C5-4E0E-9A6B-0727465F8AEA} = {E4E3469D-423E-4F48-98C7-4CD5B8400C42}
		{5B0A869A-7130-4C4C-95D1-6862519823A0} = {E4E3469D-423E-4F48-98C7-4CD5B8400C42}
		{AF27B32E-6EBE-4A24-9EC9-C5B232ADCEAD} = {E4E3469D-423E-4F48-98C7-4CD5B8400C42}
		{96D2B05A-D73F-41C7-936F-C92334377FAD} = {D271CBA6-37D5-4969-8F5D-4D1A05A78126}
		{7579E69B-5EAA-4C8B-AAAC-F7064193D9F3} = {96D2B05A-D73F-41C7-936F-C92334377FAD}
		{0FCAD392-1980-4D6B-B452-67AE258BBECE} = {96D2B05A-D73F-41C7-936F-C92334377FAD}
		{4FC94E66-E05E-4F7A-BE58-2C794BC9E16B} = {96D2B05A-D73F-41C7-936F-C92334377FAD}
		{5C80E490-5F9F-4BF7-BD04-D6B3487F98F0} = {96D2B05A-D73F-41C7-936F-C92334377FAD}
		{8554B47B-770E-49EA-9ABD-445873E0EF35} = {96D2B05A-D73F-41C7-936F-C92334377FAD}
		{7A894494-6C9D-401A-AD96-BA6B7CA85D57} = {96D2B05A-D73F-41C7-936F-C92334377FAD}
		{D17A98D6-ACC8-48BD-91E4-FB4ED0358C11} = {96D2B05A-D73F-41C7-936F-C92334377FAD}
		{ADBA7728-692E-46DA-8696-68CBA3BAF53F} = {96D2B05A-D73F-41C7-936F-C92334377FAD}
		{A5E684E2-6BCC-41DC-9101-D00F289F5C26} = {96D2B05A-D73F-41C7-936F-C92334377FAD}
		{931266DF-F8E5-4B0A-A57E-F0228C3671AF} = {96D2B05A-D73F-41C7-936F-C92334377FAD}
		{06B76671-3C4B-4B12-A467-D5BBA5908C09} = {96D2B05A-D73F-41C7-936F-C92334377FAD}
	EndGlobalSection
	GlobalSection(ExtensibilityGlobals) = postSolution
		SolutionGuid = {2EF4B060-CC16-4FD5-BAC9-0AFA03CC6EA2}
	EndGlobalSection
EndGlobal
