
Microsoft Visual Studio Solution File, Format Version 12.00
# Visual Studio Version 17
VisualStudioVersion = 17.6.33801.468
MinimumVisualStudioVersion = 10.0.40219.1
Project("{9A19103F-16F7-4668-BE54-9A1E7A4F7556}") = "Sorting", "SelectionSort\Sorting.csproj", "{B17F2E14-0AA7-4530-802D-9D02B302186B}"
EndProject
Project("{2150E333-8FDC-42A3-9474-1A3956D46DE8}") = "Greedy", "Greedy", "{D239DC72-AFA9-4D5E-94B8-C266C2078F78}"
EndProject
Project("{8BC9CEB8-8B4A-11D0-8D11-00A0C91BC942}") = "MostWaterCpp", "MostWaterCpp\MostWaterCpp.vcxproj", "{B01B3D8A-591E-42F5-B50E-C2E4C8B1C51A}"
EndProject
Project("{2150E333-8FDC-42A3-9474-1A3956D46DE8}") = "DataStructures", "DataStructures", "{F9EFD602-5C2B-452B-B7F9-0D1CDF245B68}"
EndProject
Project("{9A19103F-16F7-4668-BE54-9A1E7A4F7556}") = "BinaryHeap", "BinaryHeapProj\BinaryHeap.csproj", "{4971E934-DC06-417B-8624-511852164855}"
EndProject
Project("{9A19103F-16F7-4668-BE54-9A1E7A4F7556}") = "UnionFindImplementation", "UnionFindImplementation\UnionFindImplementation.csproj", "{1DB37977-458F-4485-A783-A0E4278D8429}"
EndProject
Project("{2150E333-8FDC-42A3-9474-1A3956D46DE8}") = "Graphs", "Graphs", "{E4E3469D-423E-4F48-98C7-4CD5B8400C42}"
EndProject
Project("{9A19103F-16F7-4668-BE54-9A1E7A4F7556}") = "Graphs", "Graphs\Graphs.csproj", "{86A998E1-EB56-45B0-B360-7089E0DF7A62}"
EndProject
Project("{9A19103F-16F7-4668-BE54-9A1E7A4F7556}") = "MaxFlow", "FordFulkersonMaxFlow\MaxFlow.csproj", "{59433E65-E4ED-4EE9-8699-CF8016533CE7}"
EndProject
Project("{9A19103F-16F7-4668-BE54-9A1E7A4F7556}") = "DinicsAlgorithm", "MaxFlowCapacityScaling\DinicsAlgorithm.csproj", "{7A0D3448-4E79-4245-A6D9-93369B35A4A3}"
EndProject
Project("{9A19103F-16F7-4668-BE54-9A1E7A4F7556}") = "ElementaryMath", "ElementaryMath\ElementaryMath.csproj", "{207362DD-25C5-4E0E-9A6B-0727465F8AEA}"
EndProject
Project("{9A19103F-16F7-4668-BE54-9A1E7A4F7556}") = "PrimsAlgorithm", "PrimsAlgorithm\PrimsAlgorithm.csproj", "{5B0A869A-7130-4C4C-95D1-6862519823A0}"
EndProject
Project("{9A19103F-16F7-4668-BE54-9A1E7A4F7556}") = "ElementaryMathSol", "ElementaryMathSol\ElementaryMathSol.csproj", "{AF27B32E-6EBE-4A24-9EC9-C5B232ADCEAD}"
EndProject
Project("{2150E333-8FDC-42A3-9474-1A3956D46DE8}") = "Softuniada", "Softuniada", "{D271CBA6-37D5-4969-8F5D-4D1A05A78126}"
EndProject
Project("{2150E333-8FDC-42A3-9474-1A3956D46DE8}") = "Softuniada2016", "Softuniada2016", "{96D2B05A-D73F-41C7-936F-C92334377FAD}"
EndProject
Project("{9A19103F-16F7-4668-BE54-9A1E7A4F7556}") = "SameGroupSums", "SameGroupSums\SameGroupSums.csproj", "{7579E69B-5EAA-4C8B-AAAC-F7064193D9F3}"
EndProject
Project("{9A19103F-16F7-4668-BE54-9A1E7A4F7556}") = "DrawHouse", "DrawHouse\DrawHouse.csproj", "{0FCAD392-1980-4D6B-B452-67AE258BBECE}"
EndProject
Project("{9A19103F-16F7-4668-BE54-9A1E7A4F7556}") = "SumTime", "SumTime\SumTime.csproj", "{4FC94E66-E05E-4F7A-BE58-2C794BC9E16B}"
EndProject
Project("{9A19103F-16F7-4668-BE54-9A1E7A4F7556}") = "StarCube", "StarCube\StarCube.csproj", "{5C80E490-5F9F-4BF7-BD04-D6B3487F98F0}"
EndProject
Project("{9A19103F-16F7-4668-BE54-9A1E7A4F7556}") = "Figures", "Figures\Figures.csproj", "{8554B47B-770E-49EA-9ABD-445873E0EF35}"
EndProject
Project("{9A19103F-16F7-4668-BE54-9A1E7A4F7556}") = "Brothers", "Brothers\Brothers.csproj", "{7A894494-6C9D-401A-AD96-BA6B7CA85D57}"
EndProject
Project("{8BC9CEB8-8B4A-11D0-8D11-00A0C91BC942}") = "Partition3", "Partition3\Partition3.vcxproj", "{D17A98D6-ACC8-48BD-91E4-FB4ED0358C11}"
EndProject
Project("{9A19103F-16F7-4668-BE54-9A1E7A4F7556}") = "StarClusters", "StarClusters\StarClusters.csproj", "{ADBA7728-692E-46DA-8696-68CBA3BAF53F}"
EndProject
Project("{9A19103F-16F7-4668-BE54-9A1E7A4F7556}") = "PackFigures", "PackFigures\PackFigures.csproj", "{A5E684E2-6BCC-41DC-9101-D00F289F5C26}"
EndProject
Project("{9A19103F-16F7-4668-BE54-9A1E7A4F7556}") = "SpeedCamera", "SpeedCamera\SpeedCamera.csproj", "{931266DF-F8E5-4B0A-A57E-F0228C3671AF}"
EndProject
Project("{9A19103F-16F7-4668-BE54-9A1E7A4F7556}") = "Tennis", "Tennis\Tennis.csproj", "{06B76671-3C4B-4B12-A467-D5BBA5908C09}"
EndProject
Project("{9A19103F-16F7-4668-BE54-9A1E7A4F7556}") = "SpeedCameraSol", "SpeedCameraSol\SpeedCameraSol.csproj", "{FB8714A3-F7BB-4A60-B275-EA485D770EDE}"
EndProject
Project("{2150E333-8FDC-42A3-9474-1A3956D46DE8}") = "Softuniada2017", "Softuniada2017", "{B4188F21-2CBA-460C-9B10-8867B1DB1F45}"
EndProject
Project("{9A19103F-16F7-4668-BE54-9A1E7A4F7556}") = "SumTo13", "SumTo13\SumTo13.csproj", "{4D839209-631B-487F-882C-C0A845439E09}"
EndProject
Project("{9A19103F-16F7-4668-BE54-9A1E7A4F7556}") = "HalloweenPumpkin", "HalloweenPumpkin\HalloweenPumpkin.csproj", "{DCD3ED61-7D1A-477F-A071-33FFEBBAA091}"
EndProject
Project("{9A19103F-16F7-4668-BE54-9A1E7A4F7556}") = "DuplicatedLetters", "DuplicatedLetters\DuplicatedLetters.csproj", "{024CEC4E-7C1C-4149-8D82-EF15485F4159}"
EndProject
Project("{9A19103F-16F7-4668-BE54-9A1E7A4F7556}") = "Snake", "Snake\Snake.csproj", "{38EA8E41-ECC8-4F89-BB0D-7BE6DA624B63}"
EndProject
Project("{9A19103F-16F7-4668-BE54-9A1E7A4F7556}") = "ParkingZones", "ParkingZones\ParkingZones.csproj", "{2C2A35CA-05DA-463C-BA52-3D7CA5CB43C4}"
EndProject
Project("{9A19103F-16F7-4668-BE54-9A1E7A4F7556}") = "ShopKeeper", "ShopKeeper\ShopKeeper.csproj", "{AFDE812C-5DA5-41A1-824F-A4876896AA1E}"
EndProject
Project("{9A19103F-16F7-4668-BE54-9A1E7A4F7556}") = "ShopKeeperSol", "ShopKeeperSol\ShopKeeperSol.csproj", "{EBAE6F00-E9F2-43CE-93B0-571BB8F4D75B}"
EndProject
Project("{9A19103F-16F7-4668-BE54-9A1E7A4F7556}") = "Lumber", "Lumber\Lumber.csproj", "{50D70308-059E-4DD9-8F6F-F22D98F2DDFD}"
EndProject
Project("{9A19103F-16F7-4668-BE54-9A1E7A4F7556}") = "LumberSol", "LumberSol\LumberSol.csproj", "{98624D8A-5AE8-474B-B154-495CC25D5373}"
EndProject
Project("{8BC9CEB8-8B4A-11D0-8D11-00A0C91BC942}") = "LumberC", "LumberC\LumberC.vcxproj", "{80D7F453-0FCE-44D2-9183-3B97D8935DFE}"
EndProject
Project("{8BC9CEB8-8B4A-11D0-8D11-00A0C91BC942}") = "ColorEncoding", "ColorEncoding\ColorEncoding.vcxproj", "{F6F83B74-11E8-41A0-9584-2142CB8E3169}"
EndProject
Project("{9A19103F-16F7-4668-BE54-9A1E7A4F7556}") = "ColorEncodingSharp", "ColorEncodingSharp\ColorEncodingSharp.csproj", "{20BE6A49-F948-4F95-BCF6-59BFDFC91DED}"
EndProject
Project("{9A19103F-16F7-4668-BE54-9A1E7A4F7556}") = "Merchants", "Merchants\Merchants.csproj", "{A639DEAB-5D14-4E04-8B1D-52462F53C30F}"
EndProject
Project("{8BC9CEB8-8B4A-11D0-8D11-00A0C91BC942}") = "MErchantC", "MErchantC\MErchantC.vcxproj", "{B5177D5A-4194-4450-A735-D7A5D000D09B}"
EndProject
Project("{9A19103F-16F7-4668-BE54-9A1E7A4F7556}") = "Cover", "Cover\Cover.csproj", "{AF819215-0427-4411-8DF7-3E6EAF065409}"
EndProject
Project("{9A19103F-16F7-4668-BE54-9A1E7A4F7556}") = "MerchantsSol", "MerchantsSol\MerchantsSol.csproj", "{28177BD6-C914-49D2-BE22-DC59BCF232F0}"
EndProject
Project("{2150E333-8FDC-42A3-9474-1A3956D46DE8}") = "Softuniada2018", "Softuniada2018", "{E6544DCC-8B86-4C0F-894E-F73B0691B987}"
EndProject
Project("{9A19103F-16F7-4668-BE54-9A1E7A4F7556}") = "AwesomeNumbers", "AwesomeNumbers\AwesomeNumbers.csproj", "{F605F881-6D9F-4242-8DFC-2AF56E988C9F}"
EndProject
Project("{9A19103F-16F7-4668-BE54-9A1E7A4F7556}") = "BingoGenerator", "BingoGenerator\BingoGenerator.csproj", "{DB78F975-6E64-4116-AC60-80BE9EA37DD2}"
EndProject
Project("{9A19103F-16F7-4668-BE54-9A1E7A4F7556}") = "WrongResults", "WrongResults\WrongResults.csproj", "{180EC7E0-29A9-4043-949A-E4602297FC50}"
EndProject
Project("{9A19103F-16F7-4668-BE54-9A1E7A4F7556}") = "OutsideCircle", "OutsideCircle\OutsideCircle.csproj", "{B0DBBB9A-F7C2-4AD4-A408-AF481FD6A3E8}"
EndProject
Project("{9A19103F-16F7-4668-BE54-9A1E7A4F7556}") = "Asteroids", "Asteroids\Asteroids.csproj", "{F819E018-E8BA-4DD3-99FC-1F9D043B2408}"
EndProject
Project("{9A19103F-16F7-4668-BE54-9A1E7A4F7556}") = "Car", "Car\Car.csproj", "{A8F99A86-6392-40A8-BF29-BA48983B6F10}"
EndProject
Project("{9A19103F-16F7-4668-BE54-9A1E7A4F7556}") = "Logistics", "Logistics\Logistics.csproj", "{267C7173-E1CF-497B-BB3E-68234357D889}"
EndProject
Project("{9A19103F-16F7-4668-BE54-9A1E7A4F7556}") = "TestGen", "TestGen\TestGen.csproj", "{504C5242-2F20-4F0D-A0F6-E07B42B708FE}"
EndProject
Project("{9A19103F-16F7-4668-BE54-9A1E7A4F7556}") = "LogisticsSol", "LogisticsSol\LogisticsSol.csproj", "{E3F1734C-6E02-4F2A-AD89-A7B808DAF4DA}"
EndProject
Project("{9A19103F-16F7-4668-BE54-9A1E7A4F7556}") = "Mafia", "Mafia\Mafia.csproj", "{E33E01D8-369B-4969-821E-7326A556D277}"
EndProject
Project("{9A19103F-16F7-4668-BE54-9A1E7A4F7556}") = "Labyrinth", "Labyrinth\Labyrinth.csproj", "{7DF3EFF0-7D9D-4552-98D0-D75F7D003AE5}"
EndProject
Project("{FAE04EC0-301F-11D3-BF4B-00C04F79EFBC}") = "LabyrinthSol", "LabyrinthSol\LabyrinthSol.csproj", "{6EFC92C5-9ADE-44B6-867B-4D5ADDBCEB00}"
EndProject
Project("{2150E333-8FDC-42A3-9474-1A3956D46DE8}") = "Softuniada2019", "Softuniada2019", "{67F9E4E8-EF41-450E-858B-B6B6C2A0F684}"
EndProject
Project("{FAE04EC0-301F-11D3-BF4B-00C04F79EFBC}") = "03_Nexus", "03_Nexus\03_Nexus.csproj", "{02044D40-71E3-4DBD-9796-83AB7602F3CF}"
EndProject
Global
	GlobalSection(SolutionConfigurationPlatforms) = preSolution
		Debug|Any CPU = Debug|Any CPU
		Debug|x64 = Debug|x64
		Debug|x86 = Debug|x86
		Release|Any CPU = Release|Any CPU
		Release|x64 = Release|x64
		Release|x86 = Release|x86
	EndGlobalSection
	GlobalSection(ProjectConfigurationPlatforms) = postSolution
		{B17F2E14-0AA7-4530-802D-9D02B302186B}.Debug|Any CPU.ActiveCfg = Debug|Any CPU
		{B17F2E14-0AA7-4530-802D-9D02B302186B}.Debug|Any CPU.Build.0 = Debug|Any CPU
		{B17F2E14-0AA7-4530-802D-9D02B302186B}.Debug|x64.ActiveCfg = Debug|Any CPU
		{B17F2E14-0AA7-4530-802D-9D02B302186B}.Debug|x64.Build.0 = Debug|Any CPU
		{B17F2E14-0AA7-4530-802D-9D02B302186B}.Debug|x86.ActiveCfg = Debug|Any CPU
		{B17F2E14-0AA7-4530-802D-9D02B302186B}.Debug|x86.Build.0 = Debug|Any CPU
		{B17F2E14-0AA7-4530-802D-9D02B302186B}.Release|Any CPU.ActiveCfg = Release|Any CPU
		{B17F2E14-0AA7-4530-802D-9D02B302186B}.Release|Any CPU.Build.0 = Release|Any CPU
		{B17F2E14-0AA7-4530-802D-9D02B302186B}.Release|x64.ActiveCfg = Release|Any CPU
		{B17F2E14-0AA7-4530-802D-9D02B302186B}.Release|x64.Build.0 = Release|Any CPU
		{B17F2E14-0AA7-4530-802D-9D02B302186B}.Release|x86.ActiveCfg = Release|Any CPU
		{B17F2E14-0AA7-4530-802D-9D02B302186B}.Release|x86.Build.0 = Release|Any CPU
		{B01B3D8A-591E-42F5-B50E-C2E4C8B1C51A}.Debug|Any CPU.ActiveCfg = Debug|x64
		{B01B3D8A-591E-42F5-B50E-C2E4C8B1C51A}.Debug|Any CPU.Build.0 = Debug|x64
		{B01B3D8A-591E-42F5-B50E-C2E4C8B1C51A}.Debug|x64.ActiveCfg = Debug|x64
		{B01B3D8A-591E-42F5-B50E-C2E4C8B1C51A}.Debug|x64.Build.0 = Debug|x64
		{B01B3D8A-591E-42F5-B50E-C2E4C8B1C51A}.Debug|x86.ActiveCfg = Debug|Win32
		{B01B3D8A-591E-42F5-B50E-C2E4C8B1C51A}.Debug|x86.Build.0 = Debug|Win32
		{B01B3D8A-591E-42F5-B50E-C2E4C8B1C51A}.Release|Any CPU.ActiveCfg = Release|x64
		{B01B3D8A-591E-42F5-B50E-C2E4C8B1C51A}.Release|Any CPU.Build.0 = Release|x64
		{B01B3D8A-591E-42F5-B50E-C2E4C8B1C51A}.Release|x64.ActiveCfg = Release|x64
		{B01B3D8A-591E-42F5-B50E-C2E4C8B1C51A}.Release|x64.Build.0 = Release|x64
		{B01B3D8A-591E-42F5-B50E-C2E4C8B1C51A}.Release|x86.ActiveCfg = Release|Win32
		{B01B3D8A-591E-42F5-B50E-C2E4C8B1C51A}.Release|x86.Build.0 = Release|Win32
		{4971E934-DC06-417B-8624-511852164855}.Debug|Any CPU.ActiveCfg = Debug|Any CPU
		{4971E934-DC06-417B-8624-511852164855}.Debug|Any CPU.Build.0 = Debug|Any CPU
		{4971E934-DC06-417B-8624-511852164855}.Debug|x64.ActiveCfg = Debug|Any CPU
		{4971E934-DC06-417B-8624-511852164855}.Debug|x64.Build.0 = Debug|Any CPU
		{4971E934-DC06-417B-8624-511852164855}.Debug|x86.ActiveCfg = Debug|Any CPU
		{4971E934-DC06-417B-8624-511852164855}.Debug|x86.Build.0 = Debug|Any CPU
		{4971E934-DC06-417B-8624-511852164855}.Release|Any CPU.ActiveCfg = Release|Any CPU
		{4971E934-DC06-417B-8624-511852164855}.Release|Any CPU.Build.0 = Release|Any CPU
		{4971E934-DC06-417B-8624-511852164855}.Release|x64.ActiveCfg = Release|Any CPU
		{4971E934-DC06-417B-8624-511852164855}.Release|x64.Build.0 = Release|Any CPU
		{4971E934-DC06-417B-8624-511852164855}.Release|x86.ActiveCfg = Release|Any CPU
		{4971E934-DC06-417B-8624-511852164855}.Release|x86.Build.0 = Release|Any CPU
		{1DB37977-458F-4485-A783-A0E4278D8429}.Debug|Any CPU.ActiveCfg = Debug|Any CPU
		{1DB37977-458F-4485-A783-A0E4278D8429}.Debug|Any CPU.Build.0 = Debug|Any CPU
		{1DB37977-458F-4485-A783-A0E4278D8429}.Debug|x64.ActiveCfg = Debug|Any CPU
		{1DB37977-458F-4485-A783-A0E4278D8429}.Debug|x64.Build.0 = Debug|Any CPU
		{1DB37977-458F-4485-A783-A0E4278D8429}.Debug|x86.ActiveCfg = Debug|Any CPU
		{1DB37977-458F-4485-A783-A0E4278D8429}.Debug|x86.Build.0 = Debug|Any CPU
		{1DB37977-458F-4485-A783-A0E4278D8429}.Release|Any CPU.ActiveCfg = Release|Any CPU
		{1DB37977-458F-4485-A783-A0E4278D8429}.Release|Any CPU.Build.0 = Release|Any CPU
		{1DB37977-458F-4485-A783-A0E4278D8429}.Release|x64.ActiveCfg = Release|Any CPU
		{1DB37977-458F-4485-A783-A0E4278D8429}.Release|x64.Build.0 = Release|Any CPU
		{1DB37977-458F-4485-A783-A0E4278D8429}.Release|x86.ActiveCfg = Release|Any CPU
		{1DB37977-458F-4485-A783-A0E4278D8429}.Release|x86.Build.0 = Release|Any CPU
		{86A998E1-EB56-45B0-B360-7089E0DF7A62}.Debug|Any CPU.ActiveCfg = Debug|Any CPU
		{86A998E1-EB56-45B0-B360-7089E0DF7A62}.Debug|Any CPU.Build.0 = Debug|Any CPU
		{86A998E1-EB56-45B0-B360-7089E0DF7A62}.Debug|x64.ActiveCfg = Debug|Any CPU
		{86A998E1-EB56-45B0-B360-7089E0DF7A62}.Debug|x64.Build.0 = Debug|Any CPU
		{86A998E1-EB56-45B0-B360-7089E0DF7A62}.Debug|x86.ActiveCfg = Debug|Any CPU
		{86A998E1-EB56-45B0-B360-7089E0DF7A62}.Debug|x86.Build.0 = Debug|Any CPU
		{86A998E1-EB56-45B0-B360-7089E0DF7A62}.Release|Any CPU.ActiveCfg = Release|Any CPU
		{86A998E1-EB56-45B0-B360-7089E0DF7A62}.Release|Any CPU.Build.0 = Release|Any CPU
		{86A998E1-EB56-45B0-B360-7089E0DF7A62}.Release|x64.ActiveCfg = Release|Any CPU
		{86A998E1-EB56-45B0-B360-7089E0DF7A62}.Release|x64.Build.0 = Release|Any CPU
		{86A998E1-EB56-45B0-B360-7089E0DF7A62}.Release|x86.ActiveCfg = Release|Any CPU
		{86A998E1-EB56-45B0-B360-7089E0DF7A62}.Release|x86.Build.0 = Release|Any CPU
		{59433E65-E4ED-4EE9-8699-CF8016533CE7}.Debug|Any CPU.ActiveCfg = Debug|Any CPU
		{59433E65-E4ED-4EE9-8699-CF8016533CE7}.Debug|Any CPU.Build.0 = Debug|Any CPU
		{59433E65-E4ED-4EE9-8699-CF8016533CE7}.Debug|x64.ActiveCfg = Debug|Any CPU
		{59433E65-E4ED-4EE9-8699-CF8016533CE7}.Debug|x64.Build.0 = Debug|Any CPU
		{59433E65-E4ED-4EE9-8699-CF8016533CE7}.Debug|x86.ActiveCfg = Debug|Any CPU
		{59433E65-E4ED-4EE9-8699-CF8016533CE7}.Debug|x86.Build.0 = Debug|Any CPU
		{59433E65-E4ED-4EE9-8699-CF8016533CE7}.Release|Any CPU.ActiveCfg = Release|Any CPU
		{59433E65-E4ED-4EE9-8699-CF8016533CE7}.Release|Any CPU.Build.0 = Release|Any CPU
		{59433E65-E4ED-4EE9-8699-CF8016533CE7}.Release|x64.ActiveCfg = Release|Any CPU
		{59433E65-E4ED-4EE9-8699-CF8016533CE7}.Release|x64.Build.0 = Release|Any CPU
		{59433E65-E4ED-4EE9-8699-CF8016533CE7}.Release|x86.ActiveCfg = Release|Any CPU
		{59433E65-E4ED-4EE9-8699-CF8016533CE7}.Release|x86.Build.0 = Release|Any CPU
		{7A0D3448-4E79-4245-A6D9-93369B35A4A3}.Debug|Any CPU.ActiveCfg = Debug|Any CPU
		{7A0D3448-4E79-4245-A6D9-93369B35A4A3}.Debug|Any CPU.Build.0 = Debug|Any CPU
		{7A0D3448-4E79-4245-A6D9-93369B35A4A3}.Debug|x64.ActiveCfg = Debug|Any CPU
		{7A0D3448-4E79-4245-A6D9-93369B35A4A3}.Debug|x64.Build.0 = Debug|Any CPU
		{7A0D3448-4E79-4245-A6D9-93369B35A4A3}.Debug|x86.ActiveCfg = Debug|Any CPU
		{7A0D3448-4E79-4245-A6D9-93369B35A4A3}.Debug|x86.Build.0 = Debug|Any CPU
		{7A0D3448-4E79-4245-A6D9-93369B35A4A3}.Release|Any CPU.ActiveCfg = Release|Any CPU
		{7A0D3448-4E79-4245-A6D9-93369B35A4A3}.Release|Any CPU.Build.0 = Release|Any CPU
		{7A0D3448-4E79-4245-A6D9-93369B35A4A3}.Release|x64.ActiveCfg = Release|Any CPU
		{7A0D3448-4E79-4245-A6D9-93369B35A4A3}.Release|x64.Build.0 = Release|Any CPU
		{7A0D3448-4E79-4245-A6D9-93369B35A4A3}.Release|x86.ActiveCfg = Release|Any CPU
		{7A0D3448-4E79-4245-A6D9-93369B35A4A3}.Release|x86.Build.0 = Release|Any CPU
		{207362DD-25C5-4E0E-9A6B-0727465F8AEA}.Debug|Any CPU.ActiveCfg = Debug|Any CPU
		{207362DD-25C5-4E0E-9A6B-0727465F8AEA}.Debug|Any CPU.Build.0 = Debug|Any CPU
		{207362DD-25C5-4E0E-9A6B-0727465F8AEA}.Debug|x64.ActiveCfg = Debug|Any CPU
		{207362DD-25C5-4E0E-9A6B-0727465F8AEA}.Debug|x64.Build.0 = Debug|Any CPU
		{207362DD-25C5-4E0E-9A6B-0727465F8AEA}.Debug|x86.ActiveCfg = Debug|Any CPU
		{207362DD-25C5-4E0E-9A6B-0727465F8AEA}.Debug|x86.Build.0 = Debug|Any CPU
		{207362DD-25C5-4E0E-9A6B-0727465F8AEA}.Release|Any CPU.ActiveCfg = Release|Any CPU
		{207362DD-25C5-4E0E-9A6B-0727465F8AEA}.Release|Any CPU.Build.0 = Release|Any CPU
		{207362DD-25C5-4E0E-9A6B-0727465F8AEA}.Release|x64.ActiveCfg = Release|Any CPU
		{207362DD-25C5-4E0E-9A6B-0727465F8AEA}.Release|x64.Build.0 = Release|Any CPU
		{207362DD-25C5-4E0E-9A6B-0727465F8AEA}.Release|x86.ActiveCfg = Release|Any CPU
		{207362DD-25C5-4E0E-9A6B-0727465F8AEA}.Release|x86.Build.0 = Release|Any CPU
		{5B0A869A-7130-4C4C-95D1-6862519823A0}.Debug|Any CPU.ActiveCfg = Debug|Any CPU
		{5B0A869A-7130-4C4C-95D1-6862519823A0}.Debug|Any CPU.Build.0 = Debug|Any CPU
		{5B0A869A-7130-4C4C-95D1-6862519823A0}.Debug|x64.ActiveCfg = Debug|Any CPU
		{5B0A869A-7130-4C4C-95D1-6862519823A0}.Debug|x64.Build.0 = Debug|Any CPU
		{5B0A869A-7130-4C4C-95D1-6862519823A0}.Debug|x86.ActiveCfg = Debug|Any CPU
		{5B0A869A-7130-4C4C-95D1-6862519823A0}.Debug|x86.Build.0 = Debug|Any CPU
		{5B0A869A-7130-4C4C-95D1-6862519823A0}.Release|Any CPU.ActiveCfg = Release|Any CPU
		{5B0A869A-7130-4C4C-95D1-6862519823A0}.Release|Any CPU.Build.0 = Release|Any CPU
		{5B0A869A-7130-4C4C-95D1-6862519823A0}.Release|x64.ActiveCfg = Release|Any CPU
		{5B0A869A-7130-4C4C-95D1-6862519823A0}.Release|x64.Build.0 = Release|Any CPU
		{5B0A869A-7130-4C4C-95D1-6862519823A0}.Release|x86.ActiveCfg = Release|Any CPU
		{5B0A869A-7130-4C4C-95D1-6862519823A0}.Release|x86.Build.0 = Release|Any CPU
		{AF27B32E-6EBE-4A24-9EC9-C5B232ADCEAD}.Debug|Any CPU.ActiveCfg = Debug|Any CPU
		{AF27B32E-6EBE-4A24-9EC9-C5B232ADCEAD}.Debug|Any CPU.Build.0 = Debug|Any CPU
		{AF27B32E-6EBE-4A24-9EC9-C5B232ADCEAD}.Debug|x64.ActiveCfg = Debug|Any CPU
		{AF27B32E-6EBE-4A24-9EC9-C5B232ADCEAD}.Debug|x64.Build.0 = Debug|Any CPU
		{AF27B32E-6EBE-4A24-9EC9-C5B232ADCEAD}.Debug|x86.ActiveCfg = Debug|Any CPU
		{AF27B32E-6EBE-4A24-9EC9-C5B232ADCEAD}.Debug|x86.Build.0 = Debug|Any CPU
		{AF27B32E-6EBE-4A24-9EC9-C5B232ADCEAD}.Release|Any CPU.ActiveCfg = Release|Any CPU
		{AF27B32E-6EBE-4A24-9EC9-C5B232ADCEAD}.Release|Any CPU.Build.0 = Release|Any CPU
		{AF27B32E-6EBE-4A24-9EC9-C5B232ADCEAD}.Release|x64.ActiveCfg = Release|Any CPU
		{AF27B32E-6EBE-4A24-9EC9-C5B232ADCEAD}.Release|x64.Build.0 = Release|Any CPU
		{AF27B32E-6EBE-4A24-9EC9-C5B232ADCEAD}.Release|x86.ActiveCfg = Release|Any CPU
		{AF27B32E-6EBE-4A24-9EC9-C5B232ADCEAD}.Release|x86.Build.0 = Release|Any CPU
		{7579E69B-5EAA-4C8B-AAAC-F7064193D9F3}.Debug|Any CPU.ActiveCfg = Debug|Any CPU
		{7579E69B-5EAA-4C8B-AAAC-F7064193D9F3}.Debug|Any CPU.Build.0 = Debug|Any CPU
		{7579E69B-5EAA-4C8B-AAAC-F7064193D9F3}.Debug|x64.ActiveCfg = Debug|Any CPU
		{7579E69B-5EAA-4C8B-AAAC-F7064193D9F3}.Debug|x64.Build.0 = Debug|Any CPU
		{7579E69B-5EAA-4C8B-AAAC-F7064193D9F3}.Debug|x86.ActiveCfg = Debug|Any CPU
		{7579E69B-5EAA-4C8B-AAAC-F7064193D9F3}.Debug|x86.Build.0 = Debug|Any CPU
		{7579E69B-5EAA-4C8B-AAAC-F7064193D9F3}.Release|Any CPU.ActiveCfg = Release|Any CPU
		{7579E69B-5EAA-4C8B-AAAC-F7064193D9F3}.Release|Any CPU.Build.0 = Release|Any CPU
		{7579E69B-5EAA-4C8B-AAAC-F7064193D9F3}.Release|x64.ActiveCfg = Release|Any CPU
		{7579E69B-5EAA-4C8B-AAAC-F7064193D9F3}.Release|x64.Build.0 = Release|Any CPU
		{7579E69B-5EAA-4C8B-AAAC-F7064193D9F3}.Release|x86.ActiveCfg = Release|Any CPU
		{7579E69B-5EAA-4C8B-AAAC-F7064193D9F3}.Release|x86.Build.0 = Release|Any CPU
		{0FCAD392-1980-4D6B-B452-67AE258BBECE}.Debug|Any CPU.ActiveCfg = Debug|Any CPU
		{0FCAD392-1980-4D6B-B452-67AE258BBECE}.Debug|Any CPU.Build.0 = Debug|Any CPU
		{0FCAD392-1980-4D6B-B452-67AE258BBECE}.Debug|x64.ActiveCfg = Debug|Any CPU
		{0FCAD392-1980-4D6B-B452-67AE258BBECE}.Debug|x64.Build.0 = Debug|Any CPU
		{0FCAD392-1980-4D6B-B452-67AE258BBECE}.Debug|x86.ActiveCfg = Debug|Any CPU
		{0FCAD392-1980-4D6B-B452-67AE258BBECE}.Debug|x86.Build.0 = Debug|Any CPU
		{0FCAD392-1980-4D6B-B452-67AE258BBECE}.Release|Any CPU.ActiveCfg = Release|Any CPU
		{0FCAD392-1980-4D6B-B452-67AE258BBECE}.Release|Any CPU.Build.0 = Release|Any CPU
		{0FCAD392-1980-4D6B-B452-67AE258BBECE}.Release|x64.ActiveCfg = Release|Any CPU
		{0FCAD392-1980-4D6B-B452-67AE258BBECE}.Release|x64.Build.0 = Release|Any CPU
		{0FCAD392-1980-4D6B-B452-67AE258BBECE}.Release|x86.ActiveCfg = Release|Any CPU
		{0FCAD392-1980-4D6B-B452-67AE258BBECE}.Release|x86.Build.0 = Release|Any CPU
		{4FC94E66-E05E-4F7A-BE58-2C794BC9E16B}.Debug|Any CPU.ActiveCfg = Debug|Any CPU
		{4FC94E66-E05E-4F7A-BE58-2C794BC9E16B}.Debug|Any CPU.Build.0 = Debug|Any CPU
		{4FC94E66-E05E-4F7A-BE58-2C794BC9E16B}.Debug|x64.ActiveCfg = Debug|Any CPU
		{4FC94E66-E05E-4F7A-BE58-2C794BC9E16B}.Debug|x64.Build.0 = Debug|Any CPU
		{4FC94E66-E05E-4F7A-BE58-2C794BC9E16B}.Debug|x86.ActiveCfg = Debug|Any CPU
		{4FC94E66-E05E-4F7A-BE58-2C794BC9E16B}.Debug|x86.Build.0 = Debug|Any CPU
		{4FC94E66-E05E-4F7A-BE58-2C794BC9E16B}.Release|Any CPU.ActiveCfg = Release|Any CPU
		{4FC94E66-E05E-4F7A-BE58-2C794BC9E16B}.Release|Any CPU.Build.0 = Release|Any CPU
		{4FC94E66-E05E-4F7A-BE58-2C794BC9E16B}.Release|x64.ActiveCfg = Release|Any CPU
		{4FC94E66-E05E-4F7A-BE58-2C794BC9E16B}.Release|x64.Build.0 = Release|Any CPU
		{4FC94E66-E05E-4F7A-BE58-2C794BC9E16B}.Release|x86.ActiveCfg = Release|Any CPU
		{4FC94E66-E05E-4F7A-BE58-2C794BC9E16B}.Release|x86.Build.0 = Release|Any CPU
		{5C80E490-5F9F-4BF7-BD04-D6B3487F98F0}.Debug|Any CPU.ActiveCfg = Debug|Any CPU
		{5C80E490-5F9F-4BF7-BD04-D6B3487F98F0}.Debug|Any CPU.Build.0 = Debug|Any CPU
		{5C80E490-5F9F-4BF7-BD04-D6B3487F98F0}.Debug|x64.ActiveCfg = Debug|Any CPU
		{5C80E490-5F9F-4BF7-BD04-D6B3487F98F0}.Debug|x64.Build.0 = Debug|Any CPU
		{5C80E490-5F9F-4BF7-BD04-D6B3487F98F0}.Debug|x86.ActiveCfg = Debug|Any CPU
		{5C80E490-5F9F-4BF7-BD04-D6B3487F98F0}.Debug|x86.Build.0 = Debug|Any CPU
		{5C80E490-5F9F-4BF7-BD04-D6B3487F98F0}.Release|Any CPU.ActiveCfg = Release|Any CPU
		{5C80E490-5F9F-4BF7-BD04-D6B3487F98F0}.Release|Any CPU.Build.0 = Release|Any CPU
		{5C80E490-5F9F-4BF7-BD04-D6B3487F98F0}.Release|x64.ActiveCfg = Release|Any CPU
		{5C80E490-5F9F-4BF7-BD04-D6B3487F98F0}.Release|x64.Build.0 = Release|Any CPU
		{5C80E490-5F9F-4BF7-BD04-D6B3487F98F0}.Release|x86.ActiveCfg = Release|Any CPU
		{5C80E490-5F9F-4BF7-BD04-D6B3487F98F0}.Release|x86.Build.0 = Release|Any CPU
		{8554B47B-770E-49EA-9ABD-445873E0EF35}.Debug|Any CPU.ActiveCfg = Debug|Any CPU
		{8554B47B-770E-49EA-9ABD-445873E0EF35}.Debug|Any CPU.Build.0 = Debug|Any CPU
		{8554B47B-770E-49EA-9ABD-445873E0EF35}.Debug|x64.ActiveCfg = Debug|Any CPU
		{8554B47B-770E-49EA-9ABD-445873E0EF35}.Debug|x64.Build.0 = Debug|Any CPU
		{8554B47B-770E-49EA-9ABD-445873E0EF35}.Debug|x86.ActiveCfg = Debug|Any CPU
		{8554B47B-770E-49EA-9ABD-445873E0EF35}.Debug|x86.Build.0 = Debug|Any CPU
		{8554B47B-770E-49EA-9ABD-445873E0EF35}.Release|Any CPU.ActiveCfg = Release|Any CPU
		{8554B47B-770E-49EA-9ABD-445873E0EF35}.Release|Any CPU.Build.0 = Release|Any CPU
		{8554B47B-770E-49EA-9ABD-445873E0EF35}.Release|x64.ActiveCfg = Release|Any CPU
		{8554B47B-770E-49EA-9ABD-445873E0EF35}.Release|x64.Build.0 = Release|Any CPU
		{8554B47B-770E-49EA-9ABD-445873E0EF35}.Release|x86.ActiveCfg = Release|Any CPU
		{8554B47B-770E-49EA-9ABD-445873E0EF35}.Release|x86.Build.0 = Release|Any CPU
		{7A894494-6C9D-401A-AD96-BA6B7CA85D57}.Debug|Any CPU.ActiveCfg = Debug|Any CPU
		{7A894494-6C9D-401A-AD96-BA6B7CA85D57}.Debug|Any CPU.Build.0 = Debug|Any CPU
		{7A894494-6C9D-401A-AD96-BA6B7CA85D57}.Debug|x64.ActiveCfg = Debug|Any CPU
		{7A894494-6C9D-401A-AD96-BA6B7CA85D57}.Debug|x64.Build.0 = Debug|Any CPU
		{7A894494-6C9D-401A-AD96-BA6B7CA85D57}.Debug|x86.ActiveCfg = Debug|Any CPU
		{7A894494-6C9D-401A-AD96-BA6B7CA85D57}.Debug|x86.Build.0 = Debug|Any CPU
		{7A894494-6C9D-401A-AD96-BA6B7CA85D57}.Release|Any CPU.ActiveCfg = Release|Any CPU
		{7A894494-6C9D-401A-AD96-BA6B7CA85D57}.Release|Any CPU.Build.0 = Release|Any CPU
		{7A894494-6C9D-401A-AD96-BA6B7CA85D57}.Release|x64.ActiveCfg = Release|Any CPU
		{7A894494-6C9D-401A-AD96-BA6B7CA85D57}.Release|x64.Build.0 = Release|Any CPU
		{7A894494-6C9D-401A-AD96-BA6B7CA85D57}.Release|x86.ActiveCfg = Release|Any CPU
		{7A894494-6C9D-401A-AD96-BA6B7CA85D57}.Release|x86.Build.0 = Release|Any CPU
		{D17A98D6-ACC8-48BD-91E4-FB4ED0358C11}.Debug|Any CPU.ActiveCfg = Debug|x64
		{D17A98D6-ACC8-48BD-91E4-FB4ED0358C11}.Debug|Any CPU.Build.0 = Debug|x64
		{D17A98D6-ACC8-48BD-91E4-FB4ED0358C11}.Debug|x64.ActiveCfg = Debug|x64
		{D17A98D6-ACC8-48BD-91E4-FB4ED0358C11}.Debug|x64.Build.0 = Debug|x64
		{D17A98D6-ACC8-48BD-91E4-FB4ED0358C11}.Debug|x86.ActiveCfg = Debug|Win32
		{D17A98D6-ACC8-48BD-91E4-FB4ED0358C11}.Debug|x86.Build.0 = Debug|Win32
		{D17A98D6-ACC8-48BD-91E4-FB4ED0358C11}.Release|Any CPU.ActiveCfg = Release|x64
		{D17A98D6-ACC8-48BD-91E4-FB4ED0358C11}.Release|Any CPU.Build.0 = Release|x64
		{D17A98D6-ACC8-48BD-91E4-FB4ED0358C11}.Release|x64.ActiveCfg = Release|x64
		{D17A98D6-ACC8-48BD-91E4-FB4ED0358C11}.Release|x64.Build.0 = Release|x64
		{D17A98D6-ACC8-48BD-91E4-FB4ED0358C11}.Release|x86.ActiveCfg = Release|Win32
		{D17A98D6-ACC8-48BD-91E4-FB4ED0358C11}.Release|x86.Build.0 = Release|Win32
		{ADBA7728-692E-46DA-8696-68CBA3BAF53F}.Debug|Any CPU.ActiveCfg = Debug|Any CPU
		{ADBA7728-692E-46DA-8696-68CBA3BAF53F}.Debug|Any CPU.Build.0 = Debug|Any CPU
		{ADBA7728-692E-46DA-8696-68CBA3BAF53F}.Debug|x64.ActiveCfg = Debug|Any CPU
		{ADBA7728-692E-46DA-8696-68CBA3BAF53F}.Debug|x64.Build.0 = Debug|Any CPU
		{ADBA7728-692E-46DA-8696-68CBA3BAF53F}.Debug|x86.ActiveCfg = Debug|Any CPU
		{ADBA7728-692E-46DA-8696-68CBA3BAF53F}.Debug|x86.Build.0 = Debug|Any CPU
		{ADBA7728-692E-46DA-8696-68CBA3BAF53F}.Release|Any CPU.ActiveCfg = Release|Any CPU
		{ADBA7728-692E-46DA-8696-68CBA3BAF53F}.Release|Any CPU.Build.0 = Release|Any CPU
		{ADBA7728-692E-46DA-8696-68CBA3BAF53F}.Release|x64.ActiveCfg = Release|Any CPU
		{ADBA7728-692E-46DA-8696-68CBA3BAF53F}.Release|x64.Build.0 = Release|Any CPU
		{ADBA7728-692E-46DA-8696-68CBA3BAF53F}.Release|x86.ActiveCfg = Release|Any CPU
		{ADBA7728-692E-46DA-8696-68CBA3BAF53F}.Release|x86.Build.0 = Release|Any CPU
		{A5E684E2-6BCC-41DC-9101-D00F289F5C26}.Debug|Any CPU.ActiveCfg = Debug|Any CPU
		{A5E684E2-6BCC-41DC-9101-D00F289F5C26}.Debug|Any CPU.Build.0 = Debug|Any CPU
		{A5E684E2-6BCC-41DC-9101-D00F289F5C26}.Debug|x64.ActiveCfg = Debug|Any CPU
		{A5E684E2-6BCC-41DC-9101-D00F289F5C26}.Debug|x64.Build.0 = Debug|Any CPU
		{A5E684E2-6BCC-41DC-9101-D00F289F5C26}.Debug|x86.ActiveCfg = Debug|Any CPU
		{A5E684E2-6BCC-41DC-9101-D00F289F5C26}.Debug|x86.Build.0 = Debug|Any CPU
		{A5E684E2-6BCC-41DC-9101-D00F289F5C26}.Release|Any CPU.ActiveCfg = Release|Any CPU
		{A5E684E2-6BCC-41DC-9101-D00F289F5C26}.Release|Any CPU.Build.0 = Release|Any CPU
		{A5E684E2-6BCC-41DC-9101-D00F289F5C26}.Release|x64.ActiveCfg = Release|Any CPU
		{A5E684E2-6BCC-41DC-9101-D00F289F5C26}.Release|x64.Build.0 = Release|Any CPU
		{A5E684E2-6BCC-41DC-9101-D00F289F5C26}.Release|x86.ActiveCfg = Release|Any CPU
		{A5E684E2-6BCC-41DC-9101-D00F289F5C26}.Release|x86.Build.0 = Release|Any CPU
		{931266DF-F8E5-4B0A-A57E-F0228C3671AF}.Debug|Any CPU.ActiveCfg = Debug|Any CPU
		{931266DF-F8E5-4B0A-A57E-F0228C3671AF}.Debug|Any CPU.Build.0 = Debug|Any CPU
		{931266DF-F8E5-4B0A-A57E-F0228C3671AF}.Debug|x64.ActiveCfg = Debug|Any CPU
		{931266DF-F8E5-4B0A-A57E-F0228C3671AF}.Debug|x64.Build.0 = Debug|Any CPU
		{931266DF-F8E5-4B0A-A57E-F0228C3671AF}.Debug|x86.ActiveCfg = Debug|Any CPU
		{931266DF-F8E5-4B0A-A57E-F0228C3671AF}.Debug|x86.Build.0 = Debug|Any CPU
		{931266DF-F8E5-4B0A-A57E-F0228C3671AF}.Release|Any CPU.ActiveCfg = Release|Any CPU
		{931266DF-F8E5-4B0A-A57E-F0228C3671AF}.Release|Any CPU.Build.0 = Release|Any CPU
		{931266DF-F8E5-4B0A-A57E-F0228C3671AF}.Release|x64.ActiveCfg = Release|Any CPU
		{931266DF-F8E5-4B0A-A57E-F0228C3671AF}.Release|x64.Build.0 = Release|Any CPU
		{931266DF-F8E5-4B0A-A57E-F0228C3671AF}.Release|x86.ActiveCfg = Release|Any CPU
		{931266DF-F8E5-4B0A-A57E-F0228C3671AF}.Release|x86.Build.0 = Release|Any CPU
		{06B76671-3C4B-4B12-A467-D5BBA5908C09}.Debug|Any CPU.ActiveCfg = Debug|Any CPU
		{06B76671-3C4B-4B12-A467-D5BBA5908C09}.Debug|Any CPU.Build.0 = Debug|Any CPU
		{06B76671-3C4B-4B12-A467-D5BBA5908C09}.Debug|x64.ActiveCfg = Debug|Any CPU
		{06B76671-3C4B-4B12-A467-D5BBA5908C09}.Debug|x64.Build.0 = Debug|Any CPU
		{06B76671-3C4B-4B12-A467-D5BBA5908C09}.Debug|x86.ActiveCfg = Debug|Any CPU
		{06B76671-3C4B-4B12-A467-D5BBA5908C09}.Debug|x86.Build.0 = Debug|Any CPU
		{06B76671-3C4B-4B12-A467-D5BBA5908C09}.Release|Any CPU.ActiveCfg = Release|Any CPU
		{06B76671-3C4B-4B12-A467-D5BBA5908C09}.Release|Any CPU.Build.0 = Release|Any CPU
		{06B76671-3C4B-4B12-A467-D5BBA5908C09}.Release|x64.ActiveCfg = Release|Any CPU
		{06B76671-3C4B-4B12-A467-D5BBA5908C09}.Release|x64.Build.0 = Release|Any CPU
		{06B76671-3C4B-4B12-A467-D5BBA5908C09}.Release|x86.ActiveCfg = Release|Any CPU
		{06B76671-3C4B-4B12-A467-D5BBA5908C09}.Release|x86.Build.0 = Release|Any CPU
		{FB8714A3-F7BB-4A60-B275-EA485D770EDE}.Debug|Any CPU.ActiveCfg = Debug|Any CPU
		{FB8714A3-F7BB-4A60-B275-EA485D770EDE}.Debug|Any CPU.Build.0 = Debug|Any CPU
		{FB8714A3-F7BB-4A60-B275-EA485D770EDE}.Debug|x64.ActiveCfg = Debug|Any CPU
		{FB8714A3-F7BB-4A60-B275-EA485D770EDE}.Debug|x64.Build.0 = Debug|Any CPU
		{FB8714A3-F7BB-4A60-B275-EA485D770EDE}.Debug|x86.ActiveCfg = Debug|Any CPU
		{FB8714A3-F7BB-4A60-B275-EA485D770EDE}.Debug|x86.Build.0 = Debug|Any CPU
		{FB8714A3-F7BB-4A60-B275-EA485D770EDE}.Release|Any CPU.ActiveCfg = Release|Any CPU
		{FB8714A3-F7BB-4A60-B275-EA485D770EDE}.Release|Any CPU.Build.0 = Release|Any CPU
		{FB8714A3-F7BB-4A60-B275-EA485D770EDE}.Release|x64.ActiveCfg = Release|Any CPU
		{FB8714A3-F7BB-4A60-B275-EA485D770EDE}.Release|x64.Build.0 = Release|Any CPU
		{FB8714A3-F7BB-4A60-B275-EA485D770EDE}.Release|x86.ActiveCfg = Release|Any CPU
		{FB8714A3-F7BB-4A60-B275-EA485D770EDE}.Release|x86.Build.0 = Release|Any CPU
		{4D839209-631B-487F-882C-C0A845439E09}.Debug|Any CPU.ActiveCfg = Debug|Any CPU
		{4D839209-631B-487F-882C-C0A845439E09}.Debug|Any CPU.Build.0 = Debug|Any CPU
		{4D839209-631B-487F-882C-C0A845439E09}.Debug|x64.ActiveCfg = Debug|Any CPU
		{4D839209-631B-487F-882C-C0A845439E09}.Debug|x64.Build.0 = Debug|Any CPU
		{4D839209-631B-487F-882C-C0A845439E09}.Debug|x86.ActiveCfg = Debug|Any CPU
		{4D839209-631B-487F-882C-C0A845439E09}.Debug|x86.Build.0 = Debug|Any CPU
		{4D839209-631B-487F-882C-C0A845439E09}.Release|Any CPU.ActiveCfg = Release|Any CPU
		{4D839209-631B-487F-882C-C0A845439E09}.Release|Any CPU.Build.0 = Release|Any CPU
		{4D839209-631B-487F-882C-C0A845439E09}.Release|x64.ActiveCfg = Release|Any CPU
		{4D839209-631B-487F-882C-C0A845439E09}.Release|x64.Build.0 = Release|Any CPU
		{4D839209-631B-487F-882C-C0A845439E09}.Release|x86.ActiveCfg = Release|Any CPU
		{4D839209-631B-487F-882C-C0A845439E09}.Release|x86.Build.0 = Release|Any CPU
		{DCD3ED61-7D1A-477F-A071-33FFEBBAA091}.Debug|Any CPU.ActiveCfg = Debug|Any CPU
		{DCD3ED61-7D1A-477F-A071-33FFEBBAA091}.Debug|Any CPU.Build.0 = Debug|Any CPU
		{DCD3ED61-7D1A-477F-A071-33FFEBBAA091}.Debug|x64.ActiveCfg = Debug|Any CPU
		{DCD3ED61-7D1A-477F-A071-33FFEBBAA091}.Debug|x64.Build.0 = Debug|Any CPU
		{DCD3ED61-7D1A-477F-A071-33FFEBBAA091}.Debug|x86.ActiveCfg = Debug|Any CPU
		{DCD3ED61-7D1A-477F-A071-33FFEBBAA091}.Debug|x86.Build.0 = Debug|Any CPU
		{DCD3ED61-7D1A-477F-A071-33FFEBBAA091}.Release|Any CPU.ActiveCfg = Release|Any CPU
		{DCD3ED61-7D1A-477F-A071-33FFEBBAA091}.Release|Any CPU.Build.0 = Release|Any CPU
		{DCD3ED61-7D1A-477F-A071-33FFEBBAA091}.Release|x64.ActiveCfg = Release|Any CPU
		{DCD3ED61-7D1A-477F-A071-33FFEBBAA091}.Release|x64.Build.0 = Release|Any CPU
		{DCD3ED61-7D1A-477F-A071-33FFEBBAA091}.Release|x86.ActiveCfg = Release|Any CPU
		{DCD3ED61-7D1A-477F-A071-33FFEBBAA091}.Release|x86.Build.0 = Release|Any CPU
		{024CEC4E-7C1C-4149-8D82-EF15485F4159}.Debug|Any CPU.ActiveCfg = Debug|Any CPU
		{024CEC4E-7C1C-4149-8D82-EF15485F4159}.Debug|Any CPU.Build.0 = Debug|Any CPU
		{024CEC4E-7C1C-4149-8D82-EF15485F4159}.Debug|x64.ActiveCfg = Debug|Any CPU
		{024CEC4E-7C1C-4149-8D82-EF15485F4159}.Debug|x64.Build.0 = Debug|Any CPU
		{024CEC4E-7C1C-4149-8D82-EF15485F4159}.Debug|x86.ActiveCfg = Debug|Any CPU
		{024CEC4E-7C1C-4149-8D82-EF15485F4159}.Debug|x86.Build.0 = Debug|Any CPU
		{024CEC4E-7C1C-4149-8D82-EF15485F4159}.Release|Any CPU.ActiveCfg = Release|Any CPU
		{024CEC4E-7C1C-4149-8D82-EF15485F4159}.Release|Any CPU.Build.0 = Release|Any CPU
		{024CEC4E-7C1C-4149-8D82-EF15485F4159}.Release|x64.ActiveCfg = Release|Any CPU
		{024CEC4E-7C1C-4149-8D82-EF15485F4159}.Release|x64.Build.0 = Release|Any CPU
		{024CEC4E-7C1C-4149-8D82-EF15485F4159}.Release|x86.ActiveCfg = Release|Any CPU
		{024CEC4E-7C1C-4149-8D82-EF15485F4159}.Release|x86.Build.0 = Release|Any CPU
		{38EA8E41-ECC8-4F89-BB0D-7BE6DA624B63}.Debug|Any CPU.ActiveCfg = Debug|Any CPU
		{38EA8E41-ECC8-4F89-BB0D-7BE6DA624B63}.Debug|Any CPU.Build.0 = Debug|Any CPU
		{38EA8E41-ECC8-4F89-BB0D-7BE6DA624B63}.Debug|x64.ActiveCfg = Debug|Any CPU
		{38EA8E41-ECC8-4F89-BB0D-7BE6DA624B63}.Debug|x64.Build.0 = Debug|Any CPU
		{38EA8E41-ECC8-4F89-BB0D-7BE6DA624B63}.Debug|x86.ActiveCfg = Debug|Any CPU
		{38EA8E41-ECC8-4F89-BB0D-7BE6DA624B63}.Debug|x86.Build.0 = Debug|Any CPU
		{38EA8E41-ECC8-4F89-BB0D-7BE6DA624B63}.Release|Any CPU.ActiveCfg = Release|Any CPU
		{38EA8E41-ECC8-4F89-BB0D-7BE6DA624B63}.Release|Any CPU.Build.0 = Release|Any CPU
		{38EA8E41-ECC8-4F89-BB0D-7BE6DA624B63}.Release|x64.ActiveCfg = Release|Any CPU
		{38EA8E41-ECC8-4F89-BB0D-7BE6DA624B63}.Release|x64.Build.0 = Release|Any CPU
		{38EA8E41-ECC8-4F89-BB0D-7BE6DA624B63}.Release|x86.ActiveCfg = Release|Any CPU
		{38EA8E41-ECC8-4F89-BB0D-7BE6DA624B63}.Release|x86.Build.0 = Release|Any CPU
		{2C2A35CA-05DA-463C-BA52-3D7CA5CB43C4}.Debug|Any CPU.ActiveCfg = Debug|Any CPU
		{2C2A35CA-05DA-463C-BA52-3D7CA5CB43C4}.Debug|Any CPU.Build.0 = Debug|Any CPU
		{2C2A35CA-05DA-463C-BA52-3D7CA5CB43C4}.Debug|x64.ActiveCfg = Debug|Any CPU
		{2C2A35CA-05DA-463C-BA52-3D7CA5CB43C4}.Debug|x64.Build.0 = Debug|Any CPU
		{2C2A35CA-05DA-463C-BA52-3D7CA5CB43C4}.Debug|x86.ActiveCfg = Debug|Any CPU
		{2C2A35CA-05DA-463C-BA52-3D7CA5CB43C4}.Debug|x86.Build.0 = Debug|Any CPU
		{2C2A35CA-05DA-463C-BA52-3D7CA5CB43C4}.Release|Any CPU.ActiveCfg = Release|Any CPU
		{2C2A35CA-05DA-463C-BA52-3D7CA5CB43C4}.Release|Any CPU.Build.0 = Release|Any CPU
		{2C2A35CA-05DA-463C-BA52-3D7CA5CB43C4}.Release|x64.ActiveCfg = Release|Any CPU
		{2C2A35CA-05DA-463C-BA52-3D7CA5CB43C4}.Release|x64.Build.0 = Release|Any CPU
		{2C2A35CA-05DA-463C-BA52-3D7CA5CB43C4}.Release|x86.ActiveCfg = Release|Any CPU
		{2C2A35CA-05DA-463C-BA52-3D7CA5CB43C4}.Release|x86.Build.0 = Release|Any CPU
		{AFDE812C-5DA5-41A1-824F-A4876896AA1E}.Debug|Any CPU.ActiveCfg = Debug|Any CPU
		{AFDE812C-5DA5-41A1-824F-A4876896AA1E}.Debug|Any CPU.Build.0 = Debug|Any CPU
		{AFDE812C-5DA5-41A1-824F-A4876896AA1E}.Debug|x64.ActiveCfg = Debug|Any CPU
		{AFDE812C-5DA5-41A1-824F-A4876896AA1E}.Debug|x64.Build.0 = Debug|Any CPU
		{AFDE812C-5DA5-41A1-824F-A4876896AA1E}.Debug|x86.ActiveCfg = Debug|Any CPU
		{AFDE812C-5DA5-41A1-824F-A4876896AA1E}.Debug|x86.Build.0 = Debug|Any CPU
		{AFDE812C-5DA5-41A1-824F-A4876896AA1E}.Release|Any CPU.ActiveCfg = Release|Any CPU
		{AFDE812C-5DA5-41A1-824F-A4876896AA1E}.Release|Any CPU.Build.0 = Release|Any CPU
		{AFDE812C-5DA5-41A1-824F-A4876896AA1E}.Release|x64.ActiveCfg = Release|Any CPU
		{AFDE812C-5DA5-41A1-824F-A4876896AA1E}.Release|x64.Build.0 = Release|Any CPU
		{AFDE812C-5DA5-41A1-824F-A4876896AA1E}.Release|x86.ActiveCfg = Release|Any CPU
		{AFDE812C-5DA5-41A1-824F-A4876896AA1E}.Release|x86.Build.0 = Release|Any CPU
		{EBAE6F00-E9F2-43CE-93B0-571BB8F4D75B}.Debug|Any CPU.ActiveCfg = Debug|Any CPU
		{EBAE6F00-E9F2-43CE-93B0-571BB8F4D75B}.Debug|Any CPU.Build.0 = Debug|Any CPU
		{EBAE6F00-E9F2-43CE-93B0-571BB8F4D75B}.Debug|x64.ActiveCfg = Debug|Any CPU
		{EBAE6F00-E9F2-43CE-93B0-571BB8F4D75B}.Debug|x64.Build.0 = Debug|Any CPU
		{EBAE6F00-E9F2-43CE-93B0-571BB8F4D75B}.Debug|x86.ActiveCfg = Debug|Any CPU
		{EBAE6F00-E9F2-43CE-93B0-571BB8F4D75B}.Debug|x86.Build.0 = Debug|Any CPU
		{EBAE6F00-E9F2-43CE-93B0-571BB8F4D75B}.Release|Any CPU.ActiveCfg = Release|Any CPU
		{EBAE6F00-E9F2-43CE-93B0-571BB8F4D75B}.Release|Any CPU.Build.0 = Release|Any CPU
		{EBAE6F00-E9F2-43CE-93B0-571BB8F4D75B}.Release|x64.ActiveCfg = Release|Any CPU
		{EBAE6F00-E9F2-43CE-93B0-571BB8F4D75B}.Release|x64.Build.0 = Release|Any CPU
		{EBAE6F00-E9F2-43CE-93B0-571BB8F4D75B}.Release|x86.ActiveCfg = Release|Any CPU
		{EBAE6F00-E9F2-43CE-93B0-571BB8F4D75B}.Release|x86.Build.0 = Release|Any CPU
		{50D70308-059E-4DD9-8F6F-F22D98F2DDFD}.Debug|Any CPU.ActiveCfg = Debug|Any CPU
		{50D70308-059E-4DD9-8F6F-F22D98F2DDFD}.Debug|Any CPU.Build.0 = Debug|Any CPU
		{50D70308-059E-4DD9-8F6F-F22D98F2DDFD}.Debug|x64.ActiveCfg = Debug|Any CPU
		{50D70308-059E-4DD9-8F6F-F22D98F2DDFD}.Debug|x64.Build.0 = Debug|Any CPU
		{50D70308-059E-4DD9-8F6F-F22D98F2DDFD}.Debug|x86.ActiveCfg = Debug|Any CPU
		{50D70308-059E-4DD9-8F6F-F22D98F2DDFD}.Debug|x86.Build.0 = Debug|Any CPU
		{50D70308-059E-4DD9-8F6F-F22D98F2DDFD}.Release|Any CPU.ActiveCfg = Release|Any CPU
		{50D70308-059E-4DD9-8F6F-F22D98F2DDFD}.Release|Any CPU.Build.0 = Release|Any CPU
		{50D70308-059E-4DD9-8F6F-F22D98F2DDFD}.Release|x64.ActiveCfg = Release|Any CPU
		{50D70308-059E-4DD9-8F6F-F22D98F2DDFD}.Release|x64.Build.0 = Release|Any CPU
		{50D70308-059E-4DD9-8F6F-F22D98F2DDFD}.Release|x86.ActiveCfg = Release|Any CPU
		{50D70308-059E-4DD9-8F6F-F22D98F2DDFD}.Release|x86.Build.0 = Release|Any CPU
		{98624D8A-5AE8-474B-B154-495CC25D5373}.Debug|Any CPU.ActiveCfg = Debug|Any CPU
		{98624D8A-5AE8-474B-B154-495CC25D5373}.Debug|Any CPU.Build.0 = Debug|Any CPU
		{98624D8A-5AE8-474B-B154-495CC25D5373}.Debug|x64.ActiveCfg = Debug|Any CPU
		{98624D8A-5AE8-474B-B154-495CC25D5373}.Debug|x64.Build.0 = Debug|Any CPU
		{98624D8A-5AE8-474B-B154-495CC25D5373}.Debug|x86.ActiveCfg = Debug|Any CPU
		{98624D8A-5AE8-474B-B154-495CC25D5373}.Debug|x86.Build.0 = Debug|Any CPU
		{98624D8A-5AE8-474B-B154-495CC25D5373}.Release|Any CPU.ActiveCfg = Release|Any CPU
		{98624D8A-5AE8-474B-B154-495CC25D5373}.Release|Any CPU.Build.0 = Release|Any CPU
		{98624D8A-5AE8-474B-B154-495CC25D5373}.Release|x64.ActiveCfg = Release|Any CPU
		{98624D8A-5AE8-474B-B154-495CC25D5373}.Release|x64.Build.0 = Release|Any CPU
		{98624D8A-5AE8-474B-B154-495CC25D5373}.Release|x86.ActiveCfg = Release|Any CPU
		{98624D8A-5AE8-474B-B154-495CC25D5373}.Release|x86.Build.0 = Release|Any CPU
		{80D7F453-0FCE-44D2-9183-3B97D8935DFE}.Debug|Any CPU.ActiveCfg = Debug|x64
		{80D7F453-0FCE-44D2-9183-3B97D8935DFE}.Debug|Any CPU.Build.0 = Debug|x64
		{80D7F453-0FCE-44D2-9183-3B97D8935DFE}.Debug|x64.ActiveCfg = Debug|x64
		{80D7F453-0FCE-44D2-9183-3B97D8935DFE}.Debug|x64.Build.0 = Debug|x64
		{80D7F453-0FCE-44D2-9183-3B97D8935DFE}.Debug|x86.ActiveCfg = Debug|Win32
		{80D7F453-0FCE-44D2-9183-3B97D8935DFE}.Debug|x86.Build.0 = Debug|Win32
		{80D7F453-0FCE-44D2-9183-3B97D8935DFE}.Release|Any CPU.ActiveCfg = Release|x64
		{80D7F453-0FCE-44D2-9183-3B97D8935DFE}.Release|Any CPU.Build.0 = Release|x64
		{80D7F453-0FCE-44D2-9183-3B97D8935DFE}.Release|x64.ActiveCfg = Release|x64
		{80D7F453-0FCE-44D2-9183-3B97D8935DFE}.Release|x64.Build.0 = Release|x64
		{80D7F453-0FCE-44D2-9183-3B97D8935DFE}.Release|x86.ActiveCfg = Release|Win32
		{80D7F453-0FCE-44D2-9183-3B97D8935DFE}.Release|x86.Build.0 = Release|Win32
		{F6F83B74-11E8-41A0-9584-2142CB8E3169}.Debug|Any CPU.ActiveCfg = Debug|x64
		{F6F83B74-11E8-41A0-9584-2142CB8E3169}.Debug|Any CPU.Build.0 = Debug|x64
		{F6F83B74-11E8-41A0-9584-2142CB8E3169}.Debug|x64.ActiveCfg = Debug|x64
		{F6F83B74-11E8-41A0-9584-2142CB8E3169}.Debug|x64.Build.0 = Debug|x64
		{F6F83B74-11E8-41A0-9584-2142CB8E3169}.Debug|x86.ActiveCfg = Debug|Win32
		{F6F83B74-11E8-41A0-9584-2142CB8E3169}.Debug|x86.Build.0 = Debug|Win32
		{F6F83B74-11E8-41A0-9584-2142CB8E3169}.Release|Any CPU.ActiveCfg = Release|x64
		{F6F83B74-11E8-41A0-9584-2142CB8E3169}.Release|Any CPU.Build.0 = Release|x64
		{F6F83B74-11E8-41A0-9584-2142CB8E3169}.Release|x64.ActiveCfg = Release|x64
		{F6F83B74-11E8-41A0-9584-2142CB8E3169}.Release|x64.Build.0 = Release|x64
		{F6F83B74-11E8-41A0-9584-2142CB8E3169}.Release|x86.ActiveCfg = Release|Win32
		{F6F83B74-11E8-41A0-9584-2142CB8E3169}.Release|x86.Build.0 = Release|Win32
		{20BE6A49-F948-4F95-BCF6-59BFDFC91DED}.Debug|Any CPU.ActiveCfg = Debug|Any CPU
		{20BE6A49-F948-4F95-BCF6-59BFDFC91DED}.Debug|Any CPU.Build.0 = Debug|Any CPU
		{20BE6A49-F948-4F95-BCF6-59BFDFC91DED}.Debug|x64.ActiveCfg = Debug|Any CPU
		{20BE6A49-F948-4F95-BCF6-59BFDFC91DED}.Debug|x64.Build.0 = Debug|Any CPU
		{20BE6A49-F948-4F95-BCF6-59BFDFC91DED}.Debug|x86.ActiveCfg = Debug|Any CPU
		{20BE6A49-F948-4F95-BCF6-59BFDFC91DED}.Debug|x86.Build.0 = Debug|Any CPU
		{20BE6A49-F948-4F95-BCF6-59BFDFC91DED}.Release|Any CPU.ActiveCfg = Release|Any CPU
		{20BE6A49-F948-4F95-BCF6-59BFDFC91DED}.Release|Any CPU.Build.0 = Release|Any CPU
		{20BE6A49-F948-4F95-BCF6-59BFDFC91DED}.Release|x64.ActiveCfg = Release|Any CPU
		{20BE6A49-F948-4F95-BCF6-59BFDFC91DED}.Release|x64.Build.0 = Release|Any CPU
		{20BE6A49-F948-4F95-BCF6-59BFDFC91DED}.Release|x86.ActiveCfg = Release|Any CPU
		{20BE6A49-F948-4F95-BCF6-59BFDFC91DED}.Release|x86.Build.0 = Release|Any CPU
		{A639DEAB-5D14-4E04-8B1D-52462F53C30F}.Debug|Any CPU.ActiveCfg = Debug|Any CPU
		{A639DEAB-5D14-4E04-8B1D-52462F53C30F}.Debug|Any CPU.Build.0 = Debug|Any CPU
		{A639DEAB-5D14-4E04-8B1D-52462F53C30F}.Debug|x64.ActiveCfg = Debug|Any CPU
		{A639DEAB-5D14-4E04-8B1D-52462F53C30F}.Debug|x64.Build.0 = Debug|Any CPU
		{A639DEAB-5D14-4E04-8B1D-52462F53C30F}.Debug|x86.ActiveCfg = Debug|Any CPU
		{A639DEAB-5D14-4E04-8B1D-52462F53C30F}.Debug|x86.Build.0 = Debug|Any CPU
		{A639DEAB-5D14-4E04-8B1D-52462F53C30F}.Release|Any CPU.ActiveCfg = Release|Any CPU
		{A639DEAB-5D14-4E04-8B1D-52462F53C30F}.Release|Any CPU.Build.0 = Release|Any CPU
		{A639DEAB-5D14-4E04-8B1D-52462F53C30F}.Release|x64.ActiveCfg = Release|Any CPU
		{A639DEAB-5D14-4E04-8B1D-52462F53C30F}.Release|x64.Build.0 = Release|Any CPU
		{A639DEAB-5D14-4E04-8B1D-52462F53C30F}.Release|x86.ActiveCfg = Release|Any CPU
		{A639DEAB-5D14-4E04-8B1D-52462F53C30F}.Release|x86.Build.0 = Release|Any CPU
		{B5177D5A-4194-4450-A735-D7A5D000D09B}.Debug|Any CPU.ActiveCfg = Debug|x64
		{B5177D5A-4194-4450-A735-D7A5D000D09B}.Debug|Any CPU.Build.0 = Debug|x64
		{B5177D5A-4194-4450-A735-D7A5D000D09B}.Debug|x64.ActiveCfg = Debug|x64
		{B5177D5A-4194-4450-A735-D7A5D000D09B}.Debug|x64.Build.0 = Debug|x64
		{B5177D5A-4194-4450-A735-D7A5D000D09B}.Debug|x86.ActiveCfg = Debug|Win32
		{B5177D5A-4194-4450-A735-D7A5D000D09B}.Debug|x86.Build.0 = Debug|Win32
		{B5177D5A-4194-4450-A735-D7A5D000D09B}.Release|Any CPU.ActiveCfg = Release|x64
		{B5177D5A-4194-4450-A735-D7A5D000D09B}.Release|Any CPU.Build.0 = Release|x64
		{B5177D5A-4194-4450-A735-D7A5D000D09B}.Release|x64.ActiveCfg = Release|x64
		{B5177D5A-4194-4450-A735-D7A5D000D09B}.Release|x64.Build.0 = Release|x64
		{B5177D5A-4194-4450-A735-D7A5D000D09B}.Release|x86.ActiveCfg = Release|Win32
		{B5177D5A-4194-4450-A735-D7A5D000D09B}.Release|x86.Build.0 = Release|Win32
		{AF819215-0427-4411-8DF7-3E6EAF065409}.Debug|Any CPU.ActiveCfg = Debug|Any CPU
		{AF819215-0427-4411-8DF7-3E6EAF065409}.Debug|Any CPU.Build.0 = Debug|Any CPU
		{AF819215-0427-4411-8DF7-3E6EAF065409}.Debug|x64.ActiveCfg = Debug|Any CPU
		{AF819215-0427-4411-8DF7-3E6EAF065409}.Debug|x64.Build.0 = Debug|Any CPU
		{AF819215-0427-4411-8DF7-3E6EAF065409}.Debug|x86.ActiveCfg = Debug|Any CPU
		{AF819215-0427-4411-8DF7-3E6EAF065409}.Debug|x86.Build.0 = Debug|Any CPU
		{AF819215-0427-4411-8DF7-3E6EAF065409}.Release|Any CPU.ActiveCfg = Release|Any CPU
		{AF819215-0427-4411-8DF7-3E6EAF065409}.Release|Any CPU.Build.0 = Release|Any CPU
		{AF819215-0427-4411-8DF7-3E6EAF065409}.Release|x64.ActiveCfg = Release|Any CPU
		{AF819215-0427-4411-8DF7-3E6EAF065409}.Release|x64.Build.0 = Release|Any CPU
		{AF819215-0427-4411-8DF7-3E6EAF065409}.Release|x86.ActiveCfg = Release|Any CPU
		{AF819215-0427-4411-8DF7-3E6EAF065409}.Release|x86.Build.0 = Release|Any CPU
		{28177BD6-C914-49D2-BE22-DC59BCF232F0}.Debug|Any CPU.ActiveCfg = Debug|Any CPU
		{28177BD6-C914-49D2-BE22-DC59BCF232F0}.Debug|Any CPU.Build.0 = Debug|Any CPU
		{28177BD6-C914-49D2-BE22-DC59BCF232F0}.Debug|x64.ActiveCfg = Debug|Any CPU
		{28177BD6-C914-49D2-BE22-DC59BCF232F0}.Debug|x64.Build.0 = Debug|Any CPU
		{28177BD6-C914-49D2-BE22-DC59BCF232F0}.Debug|x86.ActiveCfg = Debug|Any CPU
		{28177BD6-C914-49D2-BE22-DC59BCF232F0}.Debug|x86.Build.0 = Debug|Any CPU
		{28177BD6-C914-49D2-BE22-DC59BCF232F0}.Release|Any CPU.ActiveCfg = Release|Any CPU
		{28177BD6-C914-49D2-BE22-DC59BCF232F0}.Release|Any CPU.Build.0 = Release|Any CPU
		{28177BD6-C914-49D2-BE22-DC59BCF232F0}.Release|x64.ActiveCfg = Release|Any CPU
		{28177BD6-C914-49D2-BE22-DC59BCF232F0}.Release|x64.Build.0 = Release|Any CPU
		{28177BD6-C914-49D2-BE22-DC59BCF232F0}.Release|x86.ActiveCfg = Release|Any CPU
		{28177BD6-C914-49D2-BE22-DC59BCF232F0}.Release|x86.Build.0 = Release|Any CPU
		{F605F881-6D9F-4242-8DFC-2AF56E988C9F}.Debug|Any CPU.ActiveCfg = Debug|Any CPU
		{F605F881-6D9F-4242-8DFC-2AF56E988C9F}.Debug|Any CPU.Build.0 = Debug|Any CPU
		{F605F881-6D9F-4242-8DFC-2AF56E988C9F}.Debug|x64.ActiveCfg = Debug|Any CPU
		{F605F881-6D9F-4242-8DFC-2AF56E988C9F}.Debug|x64.Build.0 = Debug|Any CPU
		{F605F881-6D9F-4242-8DFC-2AF56E988C9F}.Debug|x86.ActiveCfg = Debug|Any CPU
		{F605F881-6D9F-4242-8DFC-2AF56E988C9F}.Debug|x86.Build.0 = Debug|Any CPU
		{F605F881-6D9F-4242-8DFC-2AF56E988C9F}.Release|Any CPU.ActiveCfg = Release|Any CPU
		{F605F881-6D9F-4242-8DFC-2AF56E988C9F}.Release|Any CPU.Build.0 = Release|Any CPU
		{F605F881-6D9F-4242-8DFC-2AF56E988C9F}.Release|x64.ActiveCfg = Release|Any CPU
		{F605F881-6D9F-4242-8DFC-2AF56E988C9F}.Release|x64.Build.0 = Release|Any CPU
		{F605F881-6D9F-4242-8DFC-2AF56E988C9F}.Release|x86.ActiveCfg = Release|Any CPU
		{F605F881-6D9F-4242-8DFC-2AF56E988C9F}.Release|x86.Build.0 = Release|Any CPU
		{DB78F975-6E64-4116-AC60-80BE9EA37DD2}.Debug|Any CPU.ActiveCfg = Debug|Any CPU
		{DB78F975-6E64-4116-AC60-80BE9EA37DD2}.Debug|Any CPU.Build.0 = Debug|Any CPU
		{DB78F975-6E64-4116-AC60-80BE9EA37DD2}.Debug|x64.ActiveCfg = Debug|Any CPU
		{DB78F975-6E64-4116-AC60-80BE9EA37DD2}.Debug|x64.Build.0 = Debug|Any CPU
		{DB78F975-6E64-4116-AC60-80BE9EA37DD2}.Debug|x86.ActiveCfg = Debug|Any CPU
		{DB78F975-6E64-4116-AC60-80BE9EA37DD2}.Debug|x86.Build.0 = Debug|Any CPU
		{DB78F975-6E64-4116-AC60-80BE9EA37DD2}.Release|Any CPU.ActiveCfg = Release|Any CPU
		{DB78F975-6E64-4116-AC60-80BE9EA37DD2}.Release|Any CPU.Build.0 = Release|Any CPU
		{DB78F975-6E64-4116-AC60-80BE9EA37DD2}.Release|x64.ActiveCfg = Release|Any CPU
		{DB78F975-6E64-4116-AC60-80BE9EA37DD2}.Release|x64.Build.0 = Release|Any CPU
		{DB78F975-6E64-4116-AC60-80BE9EA37DD2}.Release|x86.ActiveCfg = Release|Any CPU
		{DB78F975-6E64-4116-AC60-80BE9EA37DD2}.Release|x86.Build.0 = Release|Any CPU
		{180EC7E0-29A9-4043-949A-E4602297FC50}.Debug|Any CPU.ActiveCfg = Debug|Any CPU
		{180EC7E0-29A9-4043-949A-E4602297FC50}.Debug|Any CPU.Build.0 = Debug|Any CPU
		{180EC7E0-29A9-4043-949A-E4602297FC50}.Debug|x64.ActiveCfg = Debug|Any CPU
		{180EC7E0-29A9-4043-949A-E4602297FC50}.Debug|x64.Build.0 = Debug|Any CPU
		{180EC7E0-29A9-4043-949A-E4602297FC50}.Debug|x86.ActiveCfg = Debug|Any CPU
		{180EC7E0-29A9-4043-949A-E4602297FC50}.Debug|x86.Build.0 = Debug|Any CPU
		{180EC7E0-29A9-4043-949A-E4602297FC50}.Release|Any CPU.ActiveCfg = Release|Any CPU
		{180EC7E0-29A9-4043-949A-E4602297FC50}.Release|Any CPU.Build.0 = Release|Any CPU
		{180EC7E0-29A9-4043-949A-E4602297FC50}.Release|x64.ActiveCfg = Release|Any CPU
		{180EC7E0-29A9-4043-949A-E4602297FC50}.Release|x64.Build.0 = Release|Any CPU
		{180EC7E0-29A9-4043-949A-E4602297FC50}.Release|x86.ActiveCfg = Release|Any CPU
		{180EC7E0-29A9-4043-949A-E4602297FC50}.Release|x86.Build.0 = Release|Any CPU
		{B0DBBB9A-F7C2-4AD4-A408-AF481FD6A3E8}.Debug|Any CPU.ActiveCfg = Debug|Any CPU
		{B0DBBB9A-F7C2-4AD4-A408-AF481FD6A3E8}.Debug|Any CPU.Build.0 = Debug|Any CPU
		{B0DBBB9A-F7C2-4AD4-A408-AF481FD6A3E8}.Debug|x64.ActiveCfg = Debug|Any CPU
		{B0DBBB9A-F7C2-4AD4-A408-AF481FD6A3E8}.Debug|x64.Build.0 = Debug|Any CPU
		{B0DBBB9A-F7C2-4AD4-A408-AF481FD6A3E8}.Debug|x86.ActiveCfg = Debug|Any CPU
		{B0DBBB9A-F7C2-4AD4-A408-AF481FD6A3E8}.Debug|x86.Build.0 = Debug|Any CPU
		{B0DBBB9A-F7C2-4AD4-A408-AF481FD6A3E8}.Release|Any CPU.ActiveCfg = Release|Any CPU
		{B0DBBB9A-F7C2-4AD4-A408-AF481FD6A3E8}.Release|Any CPU.Build.0 = Release|Any CPU
		{B0DBBB9A-F7C2-4AD4-A408-AF481FD6A3E8}.Release|x64.ActiveCfg = Release|Any CPU
		{B0DBBB9A-F7C2-4AD4-A408-AF481FD6A3E8}.Release|x64.Build.0 = Release|Any CPU
		{B0DBBB9A-F7C2-4AD4-A408-AF481FD6A3E8}.Release|x86.ActiveCfg = Release|Any CPU
		{B0DBBB9A-F7C2-4AD4-A408-AF481FD6A3E8}.Release|x86.Build.0 = Release|Any CPU
		{F819E018-E8BA-4DD3-99FC-1F9D043B2408}.Debug|Any CPU.ActiveCfg = Debug|Any CPU
		{F819E018-E8BA-4DD3-99FC-1F9D043B2408}.Debug|Any CPU.Build.0 = Debug|Any CPU
		{F819E018-E8BA-4DD3-99FC-1F9D043B2408}.Debug|x64.ActiveCfg = Debug|Any CPU
		{F819E018-E8BA-4DD3-99FC-1F9D043B2408}.Debug|x64.Build.0 = Debug|Any CPU
		{F819E018-E8BA-4DD3-99FC-1F9D043B2408}.Debug|x86.ActiveCfg = Debug|Any CPU
		{F819E018-E8BA-4DD3-99FC-1F9D043B2408}.Debug|x86.Build.0 = Debug|Any CPU
		{F819E018-E8BA-4DD3-99FC-1F9D043B2408}.Release|Any CPU.ActiveCfg = Release|Any CPU
		{F819E018-E8BA-4DD3-99FC-1F9D043B2408}.Release|Any CPU.Build.0 = Release|Any CPU
		{F819E018-E8BA-4DD3-99FC-1F9D043B2408}.Release|x64.ActiveCfg = Release|Any CPU
		{F819E018-E8BA-4DD3-99FC-1F9D043B2408}.Release|x64.Build.0 = Release|Any CPU
		{F819E018-E8BA-4DD3-99FC-1F9D043B2408}.Release|x86.ActiveCfg = Release|Any CPU
		{F819E018-E8BA-4DD3-99FC-1F9D043B2408}.Release|x86.Build.0 = Release|Any CPU
		{A8F99A86-6392-40A8-BF29-BA48983B6F10}.Debug|Any CPU.ActiveCfg = Debug|Any CPU
		{A8F99A86-6392-40A8-BF29-BA48983B6F10}.Debug|Any CPU.Build.0 = Debug|Any CPU
		{A8F99A86-6392-40A8-BF29-BA48983B6F10}.Debug|x64.ActiveCfg = Debug|Any CPU
		{A8F99A86-6392-40A8-BF29-BA48983B6F10}.Debug|x64.Build.0 = Debug|Any CPU
		{A8F99A86-6392-40A8-BF29-BA48983B6F10}.Debug|x86.ActiveCfg = Debug|Any CPU
		{A8F99A86-6392-40A8-BF29-BA48983B6F10}.Debug|x86.Build.0 = Debug|Any CPU
		{A8F99A86-6392-40A8-BF29-BA48983B6F10}.Release|Any CPU.ActiveCfg = Release|Any CPU
		{A8F99A86-6392-40A8-BF29-BA48983B6F10}.Release|Any CPU.Build.0 = Release|Any CPU
		{A8F99A86-6392-40A8-BF29-BA48983B6F10}.Release|x64.ActiveCfg = Release|Any CPU
		{A8F99A86-6392-40A8-BF29-BA48983B6F10}.Release|x64.Build.0 = Release|Any CPU
		{A8F99A86-6392-40A8-BF29-BA48983B6F10}.Release|x86.ActiveCfg = Release|Any CPU
		{A8F99A86-6392-40A8-BF29-BA48983B6F10}.Release|x86.Build.0 = Release|Any CPU
		{267C7173-E1CF-497B-BB3E-68234357D889}.Debug|Any CPU.ActiveCfg = Debug|Any CPU
		{267C7173-E1CF-497B-BB3E-68234357D889}.Debug|Any CPU.Build.0 = Debug|Any CPU
		{267C7173-E1CF-497B-BB3E-68234357D889}.Debug|x64.ActiveCfg = Debug|Any CPU
		{267C7173-E1CF-497B-BB3E-68234357D889}.Debug|x64.Build.0 = Debug|Any CPU
		{267C7173-E1CF-497B-BB3E-68234357D889}.Debug|x86.ActiveCfg = Debug|Any CPU
		{267C7173-E1CF-497B-BB3E-68234357D889}.Debug|x86.Build.0 = Debug|Any CPU
		{267C7173-E1CF-497B-BB3E-68234357D889}.Release|Any CPU.ActiveCfg = Release|Any CPU
		{267C7173-E1CF-497B-BB3E-68234357D889}.Release|Any CPU.Build.0 = Release|Any CPU
		{267C7173-E1CF-497B-BB3E-68234357D889}.Release|x64.ActiveCfg = Release|Any CPU
		{267C7173-E1CF-497B-BB3E-68234357D889}.Release|x64.Build.0 = Release|Any CPU
		{267C7173-E1CF-497B-BB3E-68234357D889}.Release|x86.ActiveCfg = Release|Any CPU
		{267C7173-E1CF-497B-BB3E-68234357D889}.Release|x86.Build.0 = Release|Any CPU
		{504C5242-2F20-4F0D-A0F6-E07B42B708FE}.Debug|Any CPU.ActiveCfg = Debug|Any CPU
		{504C5242-2F20-4F0D-A0F6-E07B42B708FE}.Debug|Any CPU.Build.0 = Debug|Any CPU
		{504C5242-2F20-4F0D-A0F6-E07B42B708FE}.Debug|x64.ActiveCfg = Debug|Any CPU
		{504C5242-2F20-4F0D-A0F6-E07B42B708FE}.Debug|x64.Build.0 = Debug|Any CPU
		{504C5242-2F20-4F0D-A0F6-E07B42B708FE}.Debug|x86.ActiveCfg = Debug|Any CPU
		{504C5242-2F20-4F0D-A0F6-E07B42B708FE}.Debug|x86.Build.0 = Debug|Any CPU
		{504C5242-2F20-4F0D-A0F6-E07B42B708FE}.Release|Any CPU.ActiveCfg = Release|Any CPU
		{504C5242-2F20-4F0D-A0F6-E07B42B708FE}.Release|Any CPU.Build.0 = Release|Any CPU
		{504C5242-2F20-4F0D-A0F6-E07B42B708FE}.Release|x64.ActiveCfg = Release|Any CPU
		{504C5242-2F20-4F0D-A0F6-E07B42B708FE}.Release|x64.Build.0 = Release|Any CPU
		{504C5242-2F20-4F0D-A0F6-E07B42B708FE}.Release|x86.ActiveCfg = Release|Any CPU
		{504C5242-2F20-4F0D-A0F6-E07B42B708FE}.Release|x86.Build.0 = Release|Any CPU
		{E3F1734C-6E02-4F2A-AD89-A7B808DAF4DA}.Debug|Any CPU.ActiveCfg = Debug|Any CPU
		{E3F1734C-6E02-4F2A-AD89-A7B808DAF4DA}.Debug|Any CPU.Build.0 = Debug|Any CPU
		{E3F1734C-6E02-4F2A-AD89-A7B808DAF4DA}.Debug|x64.ActiveCfg = Debug|Any CPU
		{E3F1734C-6E02-4F2A-AD89-A7B808DAF4DA}.Debug|x64.Build.0 = Debug|Any CPU
		{E3F1734C-6E02-4F2A-AD89-A7B808DAF4DA}.Debug|x86.ActiveCfg = Debug|Any CPU
		{E3F1734C-6E02-4F2A-AD89-A7B808DAF4DA}.Debug|x86.Build.0 = Debug|Any CPU
		{E3F1734C-6E02-4F2A-AD89-A7B808DAF4DA}.Release|Any CPU.ActiveCfg = Release|Any CPU
		{E3F1734C-6E02-4F2A-AD89-A7B808DAF4DA}.Release|Any CPU.Build.0 = Release|Any CPU
		{E3F1734C-6E02-4F2A-AD89-A7B808DAF4DA}.Release|x64.ActiveCfg = Release|Any CPU
		{E3F1734C-6E02-4F2A-AD89-A7B808DAF4DA}.Release|x64.Build.0 = Release|Any CPU
		{E3F1734C-6E02-4F2A-AD89-A7B808DAF4DA}.Release|x86.ActiveCfg = Release|Any CPU
		{E3F1734C-6E02-4F2A-AD89-A7B808DAF4DA}.Release|x86.Build.0 = Release|Any CPU
		{E33E01D8-369B-4969-821E-7326A556D277}.Debug|Any CPU.ActiveCfg = Debug|Any CPU
		{E33E01D8-369B-4969-821E-7326A556D277}.Debug|Any CPU.Build.0 = Debug|Any CPU
		{E33E01D8-369B-4969-821E-7326A556D277}.Debug|x64.ActiveCfg = Debug|Any CPU
		{E33E01D8-369B-4969-821E-7326A556D277}.Debug|x64.Build.0 = Debug|Any CPU
		{E33E01D8-369B-4969-821E-7326A556D277}.Debug|x86.ActiveCfg = Debug|Any CPU
		{E33E01D8-369B-4969-821E-7326A556D277}.Debug|x86.Build.0 = Debug|Any CPU
		{E33E01D8-369B-4969-821E-7326A556D277}.Release|Any CPU.ActiveCfg = Release|Any CPU
		{E33E01D8-369B-4969-821E-7326A556D277}.Release|Any CPU.Build.0 = Release|Any CPU
		{E33E01D8-369B-4969-821E-7326A556D277}.Release|x64.ActiveCfg = Release|Any CPU
		{E33E01D8-369B-4969-821E-7326A556D277}.Release|x64.Build.0 = Release|Any CPU
		{E33E01D8-369B-4969-821E-7326A556D277}.Release|x86.ActiveCfg = Release|Any CPU
		{E33E01D8-369B-4969-821E-7326A556D277}.Release|x86.Build.0 = Release|Any CPU
		{7DF3EFF0-7D9D-4552-98D0-D75F7D003AE5}.Debug|Any CPU.ActiveCfg = Debug|Any CPU
		{7DF3EFF0-7D9D-4552-98D0-D75F7D003AE5}.Debug|Any CPU.Build.0 = Debug|Any CPU
		{7DF3EFF0-7D9D-4552-98D0-D75F7D003AE5}.Debug|x64.ActiveCfg = Debug|Any CPU
		{7DF3EFF0-7D9D-4552-98D0-D75F7D003AE5}.Debug|x64.Build.0 = Debug|Any CPU
		{7DF3EFF0-7D9D-4552-98D0-D75F7D003AE5}.Debug|x86.ActiveCfg = Debug|Any CPU
		{7DF3EFF0-7D9D-4552-98D0-D75F7D003AE5}.Debug|x86.Build.0 = Debug|Any CPU
		{7DF3EFF0-7D9D-4552-98D0-D75F7D003AE5}.Release|Any CPU.ActiveCfg = Release|Any CPU
		{7DF3EFF0-7D9D-4552-98D0-D75F7D003AE5}.Release|Any CPU.Build.0 = Release|Any CPU
		{7DF3EFF0-7D9D-4552-98D0-D75F7D003AE5}.Release|x64.ActiveCfg = Release|Any CPU
		{7DF3EFF0-7D9D-4552-98D0-D75F7D003AE5}.Release|x64.Build.0 = Release|Any CPU
		{7DF3EFF0-7D9D-4552-98D0-D75F7D003AE5}.Release|x86.ActiveCfg = Release|Any CPU
		{7DF3EFF0-7D9D-4552-98D0-D75F7D003AE5}.Release|x86.Build.0 = Release|Any CPU
		{6EFC92C5-9ADE-44B6-867B-4D5ADDBCEB00}.Debug|Any CPU.ActiveCfg = Debug|Any CPU
		{6EFC92C5-9ADE-44B6-867B-4D5ADDBCEB00}.Debug|Any CPU.Build.0 = Debug|Any CPU
		{6EFC92C5-9ADE-44B6-867B-4D5ADDBCEB00}.Debug|x64.ActiveCfg = Debug|Any CPU
		{6EFC92C5-9ADE-44B6-867B-4D5ADDBCEB00}.Debug|x64.Build.0 = Debug|Any CPU
		{6EFC92C5-9ADE-44B6-867B-4D5ADDBCEB00}.Debug|x86.ActiveCfg = Debug|Any CPU
		{6EFC92C5-9ADE-44B6-867B-4D5ADDBCEB00}.Debug|x86.Build.0 = Debug|Any CPU
		{6EFC92C5-9ADE-44B6-867B-4D5ADDBCEB00}.Release|Any CPU.ActiveCfg = Release|Any CPU
		{6EFC92C5-9ADE-44B6-867B-4D5ADDBCEB00}.Release|Any CPU.Build.0 = Release|Any CPU
		{6EFC92C5-9ADE-44B6-867B-4D5ADDBCEB00}.Release|x64.ActiveCfg = Release|Any CPU
		{6EFC92C5-9ADE-44B6-867B-4D5ADDBCEB00}.Release|x64.Build.0 = Release|Any CPU
		{6EFC92C5-9ADE-44B6-867B-4D5ADDBCEB00}.Release|x86.ActiveCfg = Release|Any CPU
		{6EFC92C5-9ADE-44B6-867B-4D5ADDBCEB00}.Release|x86.Build.0 = Release|Any CPU
		{02044D40-71E3-4DBD-9796-83AB7602F3CF}.Debug|Any CPU.ActiveCfg = Debug|Any CPU
		{02044D40-71E3-4DBD-9796-83AB7602F3CF}.Debug|Any CPU.Build.0 = Debug|Any CPU
		{02044D40-71E3-4DBD-9796-83AB7602F3CF}.Debug|x64.ActiveCfg = Debug|Any CPU
		{02044D40-71E3-4DBD-9796-83AB7602F3CF}.Debug|x64.Build.0 = Debug|Any CPU
		{02044D40-71E3-4DBD-9796-83AB7602F3CF}.Debug|x86.ActiveCfg = Debug|Any CPU
		{02044D40-71E3-4DBD-9796-83AB7602F3CF}.Debug|x86.Build.0 = Debug|Any CPU
		{02044D40-71E3-4DBD-9796-83AB7602F3CF}.Release|Any CPU.ActiveCfg = Release|Any CPU
		{02044D40-71E3-4DBD-9796-83AB7602F3CF}.Release|Any CPU.Build.0 = Release|Any CPU
		{02044D40-71E3-4DBD-9796-83AB7602F3CF}.Release|x64.ActiveCfg = Release|Any CPU
		{02044D40-71E3-4DBD-9796-83AB7602F3CF}.Release|x64.Build.0 = Release|Any CPU
		{02044D40-71E3-4DBD-9796-83AB7602F3CF}.Release|x86.ActiveCfg = Release|Any CPU
		{02044D40-71E3-4DBD-9796-83AB7602F3CF}.Release|x86.Build.0 = Release|Any CPU
	EndGlobalSection
	GlobalSection(SolutionProperties) = preSolution
		HideSolutionNode = FALSE
	EndGlobalSection
	GlobalSection(NestedProjects) = preSolution
		{B01B3D8A-591E-42F5-B50E-C2E4C8B1C51A} = {D239DC72-AFA9-4D5E-94B8-C266C2078F78}
		{4971E934-DC06-417B-8624-511852164855} = {F9EFD602-5C2B-452B-B7F9-0D1CDF245B68}
		{1DB37977-458F-4485-A783-A0E4278D8429} = {F9EFD602-5C2B-452B-B7F9-0D1CDF245B68}
		{86A998E1-EB56-45B0-B360-7089E0DF7A62} = {E4E3469D-423E-4F48-98C7-4CD5B8400C42}
		{59433E65-E4ED-4EE9-8699-CF8016533CE7} = {E4E3469D-423E-4F48-98C7-4CD5B8400C42}
		{7A0D3448-4E79-4245-A6D9-93369B35A4A3} = {E4E3469D-423E-4F48-98C7-4CD5B8400C42}
		{207362DD-25C5-4E0E-9A6B-0727465F8AEA} = {E4E3469D-423E-4F48-98C7-4CD5B8400C42}
		{5B0A869A-7130-4C4C-95D1-6862519823A0} = {E4E3469D-423E-4F48-98C7-4CD5B8400C42}
		{AF27B32E-6EBE-4A24-9EC9-C5B232ADCEAD} = {E4E3469D-423E-4F48-98C7-4CD5B8400C42}
		{96D2B05A-D73F-41C7-936F-C92334377FAD} = {D271CBA6-37D5-4969-8F5D-4D1A05A78126}
		{7579E69B-5EAA-4C8B-AAAC-F7064193D9F3} = {96D2B05A-D73F-41C7-936F-C92334377FAD}
		{0FCAD392-1980-4D6B-B452-67AE258BBECE} = {96D2B05A-D73F-41C7-936F-C92334377FAD}
		{4FC94E66-E05E-4F7A-BE58-2C794BC9E16B} = {96D2B05A-D73F-41C7-936F-C92334377FAD}
		{5C80E490-5F9F-4BF7-BD04-D6B3487F98F0} = {96D2B05A-D73F-41C7-936F-C92334377FAD}
		{8554B47B-770E-49EA-9ABD-445873E0EF35} = {96D2B05A-D73F-41C7-936F-C92334377FAD}
		{7A894494-6C9D-401A-AD96-BA6B7CA85D57} = {96D2B05A-D73F-41C7-936F-C92334377FAD}
		{D17A98D6-ACC8-48BD-91E4-FB4ED0358C11} = {96D2B05A-D73F-41C7-936F-C92334377FAD}
		{ADBA7728-692E-46DA-8696-68CBA3BAF53F} = {96D2B05A-D73F-41C7-936F-C92334377FAD}
		{A5E684E2-6BCC-41DC-9101-D00F289F5C26} = {96D2B05A-D73F-41C7-936F-C92334377FAD}
		{931266DF-F8E5-4B0A-A57E-F0228C3671AF} = {96D2B05A-D73F-41C7-936F-C92334377FAD}
		{06B76671-3C4B-4B12-A467-D5BBA5908C09} = {96D2B05A-D73F-41C7-936F-C92334377FAD}
		{FB8714A3-F7BB-4A60-B275-EA485D770EDE} = {96D2B05A-D73F-41C7-936F-C92334377FAD}
		{B4188F21-2CBA-460C-9B10-8867B1DB1F45} = {D271CBA6-37D5-4969-8F5D-4D1A05A78126}
		{4D839209-631B-487F-882C-C0A845439E09} = {B4188F21-2CBA-460C-9B10-8867B1DB1F45}
		{DCD3ED61-7D1A-477F-A071-33FFEBBAA091} = {B4188F21-2CBA-460C-9B10-8867B1DB1F45}
		{024CEC4E-7C1C-4149-8D82-EF15485F4159} = {B4188F21-2CBA-460C-9B10-8867B1DB1F45}
		{38EA8E41-ECC8-4F89-BB0D-7BE6DA624B63} = {B4188F21-2CBA-460C-9B10-8867B1DB1F45}
		{2C2A35CA-05DA-463C-BA52-3D7CA5CB43C4} = {B4188F21-2CBA-460C-9B10-8867B1DB1F45}
		{AFDE812C-5DA5-41A1-824F-A4876896AA1E} = {B4188F21-2CBA-460C-9B10-8867B1DB1F45}
		{EBAE6F00-E9F2-43CE-93B0-571BB8F4D75B} = {B4188F21-2CBA-460C-9B10-8867B1DB1F45}
		{50D70308-059E-4DD9-8F6F-F22D98F2DDFD} = {B4188F21-2CBA-460C-9B10-8867B1DB1F45}
		{98624D8A-5AE8-474B-B154-495CC25D5373} = {B4188F21-2CBA-460C-9B10-8867B1DB1F45}
		{80D7F453-0FCE-44D2-9183-3B97D8935DFE} = {B4188F21-2CBA-460C-9B10-8867B1DB1F45}
		{F6F83B74-11E8-41A0-9584-2142CB8E3169} = {B4188F21-2CBA-460C-9B10-8867B1DB1F45}
		{20BE6A49-F948-4F95-BCF6-59BFDFC91DED} = {B4188F21-2CBA-460C-9B10-8867B1DB1F45}
		{A639DEAB-5D14-4E04-8B1D-52462F53C30F} = {B4188F21-2CBA-460C-9B10-8867B1DB1F45}
		{B5177D5A-4194-4450-A735-D7A5D000D09B} = {B4188F21-2CBA-460C-9B10-8867B1DB1F45}
		{AF819215-0427-4411-8DF7-3E6EAF065409} = {B4188F21-2CBA-460C-9B10-8867B1DB1F45}
		{28177BD6-C914-49D2-BE22-DC59BCF232F0} = {B4188F21-2CBA-460C-9B10-8867B1DB1F45}
		{E6544DCC-8B86-4C0F-894E-F73B0691B987} = {D271CBA6-37D5-4969-8F5D-4D1A05A78126}
		{F605F881-6D9F-4242-8DFC-2AF56E988C9F} = {E6544DCC-8B86-4C0F-894E-F73B0691B987}
		{DB78F975-6E64-4116-AC60-80BE9EA37DD2} = {E6544DCC-8B86-4C0F-894E-F73B0691B987}
		{180EC7E0-29A9-4043-949A-E4602297FC50} = {E6544DCC-8B86-4C0F-894E-F73B0691B987}
		{B0DBBB9A-F7C2-4AD4-A408-AF481FD6A3E8} = {E6544DCC-8B86-4C0F-894E-F73B0691B987}
		{F819E018-E8BA-4DD3-99FC-1F9D043B2408} = {E6544DCC-8B86-4C0F-894E-F73B0691B987}
		{A8F99A86-6392-40A8-BF29-BA48983B6F10} = {E6544DCC-8B86-4C0F-894E-F73B0691B987}
		{267C7173-E1CF-497B-BB3E-68234357D889} = {E6544DCC-8B86-4C0F-894E-F73B0691B987}
		{504C5242-2F20-4F0D-A0F6-E07B42B708FE} = {E6544DCC-8B86-4C0F-894E-F73B0691B987}
		{E3F1734C-6E02-4F2A-AD89-A7B808DAF4DA} = {E6544DCC-8B86-4C0F-894E-F73B0691B987}
		{E33E01D8-369B-4969-821E-7326A556D277} = {E6544DCC-8B86-4C0F-894E-F73B0691B987}
		{7DF3EFF0-7D9D-4552-98D0-D75F7D003AE5} = {E6544DCC-8B86-4C0F-894E-F73B0691B987}
		{6EFC92C5-9ADE-44B6-867B-4D5ADDBCEB00} = {E6544DCC-8B86-4C0F-894E-F73B0691B987}
		{67F9E4E8-EF41-450E-858B-B6B6C2A0F684} = {D271CBA6-37D5-4969-8F5D-4D1A05A78126}
		{02044D40-71E3-4DBD-9796-83AB7602F3CF} = {67F9E4E8-EF41-450E-858B-B6B6C2A0F684}
	EndGlobalSection
	GlobalSection(ExtensibilityGlobals) = postSolution
		SolutionGuid = {2EF4B060-CC16-4FD5-BAC9-0AFA03CC6EA2}
	EndGlobalSection
EndGlobal
